// !$*UTF8*$!
{
	archiveVersion = 1;
	classes = {
	};
	objectVersion = 50;
	objects = {

/* Begin PBXBuildFile section */
		894688EA23D535F1005DF4ED /* AppDelegate.swift in Sources */ = {isa = PBXBuildFile; fileRef = 894688E923D535F1005DF4ED /* AppDelegate.swift */; };
		894688EC23D535F1005DF4ED /* SceneDelegate.swift in Sources */ = {isa = PBXBuildFile; fileRef = 894688EB23D535F1005DF4ED /* SceneDelegate.swift */; };
		894688EE23D535F1005DF4ED /* ViewController.swift in Sources */ = {isa = PBXBuildFile; fileRef = 894688ED23D535F1005DF4ED /* ViewController.swift */; };
		894688F123D535F1005DF4ED /* Main.storyboard in Resources */ = {isa = PBXBuildFile; fileRef = 894688EF23D535F1005DF4ED /* Main.storyboard */; };
		894688F323D535F4005DF4ED /* Assets.xcassets in Resources */ = {isa = PBXBuildFile; fileRef = 894688F223D535F4005DF4ED /* Assets.xcassets */; };
		894688F623D535F4005DF4ED /* LaunchScreen.storyboard in Resources */ = {isa = PBXBuildFile; fileRef = 894688F423D535F4005DF4ED /* LaunchScreen.storyboard */; };
		894688FF23D5368F005DF4ED /* ViewController.xib in Resources */ = {isa = PBXBuildFile; fileRef = 894688FE23D5368F005DF4ED /* ViewController.xib */; };
		89BA033423D540BC00F47C31 /* Extensions.swift in Sources */ = {isa = PBXBuildFile; fileRef = 89BA033323D540BC00F47C31 /* Extensions.swift */; };
/* End PBXBuildFile section */

/* Begin PBXFileReference section */
		894688E623D535F1005DF4ED /* Consolidation_IX.app */ = {isa = PBXFileReference; explicitFileType = wrapper.application; includeInIndex = 0; path = Consolidation_IX.app; sourceTree = BUILT_PRODUCTS_DIR; };
		894688E923D535F1005DF4ED /* AppDelegate.swift */ = {isa = PBXFileReference; lastKnownFileType = sourcecode.swift; path = AppDelegate.swift; sourceTree = "<group>"; };
		894688EB23D535F1005DF4ED /* SceneDelegate.swift */ = {isa = PBXFileReference; lastKnownFileType = sourcecode.swift; path = SceneDelegate.swift; sourceTree = "<group>"; };
		894688ED23D535F1005DF4ED /* ViewController.swift */ = {isa = PBXFileReference; lastKnownFileType = sourcecode.swift; path = ViewController.swift; sourceTree = "<group>"; };
		894688F023D535F1005DF4ED /* Base */ = {isa = PBXFileReference; lastKnownFileType = file.storyboard; name = Base; path = Base.lproj/Main.storyboard; sourceTree = "<group>"; };
		894688F223D535F4005DF4ED /* Assets.xcassets */ = {isa = PBXFileReference; lastKnownFileType = folder.assetcatalog; path = Assets.xcassets; sourceTree = "<group>"; };
		894688F523D535F4005DF4ED /* Base */ = {isa = PBXFileReference; lastKnownFileType = file.storyboard; name = Base; path = Base.lproj/LaunchScreen.storyboard; sourceTree = "<group>"; };
		894688F723D535F4005DF4ED /* Info.plist */ = {isa = PBXFileReference; lastKnownFileType = text.plist.xml; path = Info.plist; sourceTree = "<group>"; };
		894688FE23D5368F005DF4ED /* ViewController.xib */ = {isa = PBXFileReference; lastKnownFileType = file.xib; path = ViewController.xib; sourceTree = "<group>"; };
		89BA033323D540BC00F47C31 /* Extensions.swift */ = {isa = PBXFileReference; lastKnownFileType = sourcecode.swift; path = Extensions.swift; sourceTree = "<group>"; };
/* End PBXFileReference section */

/* Begin PBXFrameworksBuildPhase section */
		894688E323D535F1005DF4ED /* Frameworks */ = {
			isa = PBXFrameworksBuildPhase;
			buildActionMask = 2147483647;
			files = (
			);
			runOnlyForDeploymentPostprocessing = 0;
		};
/* End PBXFrameworksBuildPhase section */

/* Begin PBXGroup section */
		894688DD23D535F1005DF4ED = {
			isa = PBXGroup;
			children = (
				894688E823D535F1005DF4ED /* Consolidation_IX */,
				894688E723D535F1005DF4ED /* Products */,
			);
			sourceTree = "<group>";
		};
		894688E723D535F1005DF4ED /* Products */ = {
			isa = PBXGroup;
			children = (
				894688E623D535F1005DF4ED /* Consolidation_IX.app */,
			);
			name = Products;
			sourceTree = "<group>";
		};
		894688E823D535F1005DF4ED /* Consolidation_IX */ = {
			isa = PBXGroup;
			children = (
				894688FD23D5367B005DF4ED /* Main */,
				894688E923D535F1005DF4ED /* AppDelegate.swift */,
				894688EB23D535F1005DF4ED /* SceneDelegate.swift */,
				894688EF23D535F1005DF4ED /* Main.storyboard */,
				894688F223D535F4005DF4ED /* Assets.xcassets */,
				894688F423D535F4005DF4ED /* LaunchScreen.storyboard */,
				894688F723D535F4005DF4ED /* Info.plist */,
				89BA033323D540BC00F47C31 /* Extensions.swift */,
			);
			path = Consolidation_IX;
			sourceTree = "<group>";
		};
		894688FD23D5367B005DF4ED /* Main */ = {
			isa = PBXGroup;
			children = (
				894688ED23D535F1005DF4ED /* ViewController.swift */,
				894688FE23D5368F005DF4ED /* ViewController.xib */,
			);
			path = Main;
			sourceTree = "<group>";
		};
/* End PBXGroup section */

/* Begin PBXNativeTarget section */
		894688E523D535F1005DF4ED /* Consolidation_IX */ = {
			isa = PBXNativeTarget;
			buildConfigurationList = 894688FA23D535F4005DF4ED /* Build configuration list for PBXNativeTarget "Consolidation_IX" */;
			buildPhases = (
				894688E223D535F1005DF4ED /* Sources */,
				894688E323D535F1005DF4ED /* Frameworks */,
				894688E423D535F1005DF4ED /* Resources */,
			);
			buildRules = (
			);
			dependencies = (
			);
			name = Consolidation_IX;
			productName = Consolidation_IX;
			productReference = 894688E623D535F1005DF4ED /* Consolidation_IX.app */;
			productType = "com.apple.product-type.application";
		};
/* End PBXNativeTarget section */

/* Begin PBXProject section */
		894688DE23D535F1005DF4ED /* Project object */ = {
			isa = PBXProject;
			attributes = {
				LastSwiftUpdateCheck = 1130;
				LastUpgradeCheck = 1130;
				ORGANIZATIONNAME = "Rafael Scalzo";
				TargetAttributes = {
					894688E523D535F1005DF4ED = {
						CreatedOnToolsVersion = 11.3;
					};
				};
			};
			buildConfigurationList = 894688E123D535F1005DF4ED /* Build configuration list for PBXProject "Consolidation_IX" */;
			compatibilityVersion = "Xcode 9.3";
			developmentRegion = en;
			hasScannedForEncodings = 0;
			knownRegions = (
				en,
				Base,
			);
			mainGroup = 894688DD23D535F1005DF4ED;
			productRefGroup = 894688E723D535F1005DF4ED /* Products */;
			projectDirPath = "";
			projectRoot = "";
			targets = (
				894688E523D535F1005DF4ED /* Consolidation_IX */,
			);
		};
/* End PBXProject section */

/* Begin PBXResourcesBuildPhase section */
		894688E423D535F1005DF4ED /* Resources */ = {
			isa = PBXResourcesBuildPhase;
			buildActionMask = 2147483647;
			files = (
				894688F623D535F4005DF4ED /* LaunchScreen.storyboard in Resources */,
				894688F323D535F4005DF4ED /* Assets.xcassets in Resources */,
				894688FF23D5368F005DF4ED /* ViewController.xib in Resources */,
				894688F123D535F1005DF4ED /* Main.storyboard in Resources */,
			);
			runOnlyForDeploymentPostprocessing = 0;
		};
/* End PBXResourcesBuildPhase section */

/* Begin PBXSourcesBuildPhase section */
		894688E223D535F1005DF4ED /* Sources */ = {
			isa = PBXSourcesBuildPhase;
			buildActionMask = 2147483647;
			files = (
				894688EE23D535F1005DF4ED /* ViewController.swift in Sources */,
				894688EA23D535F1005DF4ED /* AppDelegate.swift in Sources */,
				894688EC23D535F1005DF4ED /* SceneDelegate.swift in Sources */,
				89BA033423D540BC00F47C31 /* Extensions.swift in Sources */,
			);
			runOnlyForDeploymentPostprocessing = 0;
		};
/* End PBXSourcesBuildPhase section */

/* Begin PBXVariantGroup section */
		894688EF23D535F1005DF4ED /* Main.storyboard */ = {
			isa = PBXVariantGroup;
			children = (
				894688F023D535F1005DF4ED /* Base */,
			);
			name = Main.storyboard;
			sourceTree = "<group>";
		};
		894688F423D535F4005DF4ED /* LaunchScreen.storyboard */ = {
			isa = PBXVariantGroup;
			children = (
				894688F523D535F4005DF4ED /* Base */,
			);
			name = LaunchScreen.storyboard;
			sourceTree = "<group>";
		};
/* End PBXVariantGroup section */

/* Begin XCBuildConfiguration section */
		894688F823D535F4005DF4ED /* Debug */ = {
			isa = XCBuildConfiguration;
			buildSettings = {
				ALWAYS_SEARCH_USER_PATHS = NO;
				CLANG_ANALYZER_NONNULL = YES;
				CLANG_ANALYZER_NUMBER_OBJECT_CONVERSION = YES_AGGRESSIVE;
				CLANG_CXX_LANGUAGE_STANDARD = "gnu++14";
				CLANG_CXX_LIBRARY = "libc++";
				CLANG_ENABLE_MODULES = YES;
				CLANG_ENABLE_OBJC_ARC = YES;
				CLANG_ENABLE_OBJC_WEAK = YES;
				CLANG_WARN_BLOCK_CAPTURE_AUTORELEASING = YES;
				CLANG_WARN_BOOL_CONVERSION = YES;
				CLANG_WARN_COMMA = YES;
				CLANG_WARN_CONSTANT_CONVERSION = YES;
				CLANG_WARN_DEPRECATED_OBJC_IMPLEMENTATIONS = YES;
				CLANG_WARN_DIRECT_OBJC_ISA_USAGE = YES_ERROR;
				CLANG_WARN_DOCUMENTATION_COMMENTS = YES;
				CLANG_WARN_EMPTY_BODY = YES;
				CLANG_WARN_ENUM_CONVERSION = YES;
				CLANG_WARN_INFINITE_RECURSION = YES;
				CLANG_WARN_INT_CONVERSION = YES;
				CLANG_WARN_NON_LITERAL_NULL_CONVERSION = YES;
				CLANG_WARN_OBJC_IMPLICIT_RETAIN_SELF = YES;
				CLANG_WARN_OBJC_LITERAL_CONVERSION = YES;
				CLANG_WARN_OBJC_ROOT_CLASS = YES_ERROR;
				CLANG_WARN_RANGE_LOOP_ANALYSIS = YES;
				CLANG_WARN_STRICT_PROTOTYPES = YES;
				CLANG_WARN_SUSPICIOUS_MOVE = YES;
				CLANG_WARN_UNGUARDED_AVAILABILITY = YES_AGGRESSIVE;
				CLANG_WARN_UNREACHABLE_CODE = YES;
				CLANG_WARN__DUPLICATE_METHOD_MATCH = YES;
				COPY_PHASE_STRIP = NO;
				DEBUG_INFORMATION_FORMAT = dwarf;
				ENABLE_STRICT_OBJC_MSGSEND = YES;
				ENABLE_TESTABILITY = YES;
				GCC_C_LANGUAGE_STANDARD = gnu11;
				GCC_DYNAMIC_NO_PIC = NO;
				GCC_NO_COMMON_BLOCKS = YES;
				GCC_OPTIMIZATION_LEVEL = 0;
				GCC_PREPROCESSOR_DEFINITIONS = (
					"DEBUG=1",
					"$(inherited)",
				);
				GCC_WARN_64_TO_32_BIT_CONVERSION = YES;
				GCC_WARN_ABOUT_RETURN_TYPE = YES_ERROR;
				GCC_WARN_UNDECLARED_SELECTOR = YES;
				GCC_WARN_UNINITIALIZED_AUTOS = YES_AGGRESSIVE;
				GCC_WARN_UNUSED_FUNCTION = YES;
				GCC_WARN_UNUSED_VARIABLE = YES;
				IPHONEOS_DEPLOYMENT_TARGET = 13.2;
				MTL_ENABLE_DEBUG_INFO = INCLUDE_SOURCE;
				MTL_FAST_MATH = YES;
				ONLY_ACTIVE_ARCH = YES;
				SDKROOT = iphoneos;
				SWIFT_ACTIVE_COMPILATION_CONDITIONS = DEBUG;
				SWIFT_OPTIMIZATION_LEVEL = "-Onone";
			};
			name = Debug;
		};
		894688F923D535F4005DF4ED /* Release */ = {
			isa = XCBuildConfiguration;
			buildSettings = {
				ALWAYS_SEARCH_USER_PATHS = NO;
				CLANG_ANALYZER_NONNULL = YES;
				CLANG_ANALYZER_NUMBER_OBJECT_CONVERSION = YES_AGGRESSIVE;
				CLANG_CXX_LANGUAGE_STANDARD = "gnu++14";
				CLANG_CXX_LIBRARY = "libc++";
				CLANG_ENABLE_MODULES = YES;
				CLANG_ENABLE_OBJC_ARC = YES;
				CLANG_ENABLE_OBJC_WEAK = YES;
				CLANG_WARN_BLOCK_CAPTURE_AUTORELEASING = YES;
				CLANG_WARN_BOOL_CONVERSION = YES;
				CLANG_WARN_COMMA = YES;
				CLANG_WARN_CONSTANT_CONVERSION = YES;
				CLANG_WARN_DEPRECATED_OBJC_IMPLEMENTATIONS = YES;
				CLANG_WARN_DIRECT_OBJC_ISA_USAGE = YES_ERROR;
				CLANG_WARN_DOCUMENTATION_COMMENTS = YES;
				CLANG_WARN_EMPTY_BODY = YES;
				CLANG_WARN_ENUM_CONVERSION = YES;
				CLANG_WARN_INFINITE_RECURSION = YES;
				CLANG_WARN_INT_CONVERSION = YES;
				CLANG_WARN_NON_LITERAL_NULL_CONVERSION = YES;
				CLANG_WARN_OBJC_IMPLICIT_RETAIN_SELF = YES;
				CLANG_WARN_OBJC_LITERAL_CONVERSION = YES;
				CLANG_WARN_OBJC_ROOT_CLASS = YES_ERROR;
				CLANG_WARN_RANGE_LOOP_ANALYSIS = YES;
				CLANG_WARN_STRICT_PROTOTYPES = YES;
				CLANG_WARN_SUSPICIOUS_MOVE = YES;
				CLANG_WARN_UNGUARDED_AVAILABILITY = YES_AGGRESSIVE;
				CLANG_WARN_UNREACHABLE_CODE = YES;
				CLANG_WARN__DUPLICATE_METHOD_MATCH = YES;
				COPY_PHASE_STRIP = NO;
				DEBUG_INFORMATION_FORMAT = "dwarf-with-dsym";
				ENABLE_NS_ASSERTIONS = NO;
				ENABLE_STRICT_OBJC_MSGSEND = YES;
				GCC_C_LANGUAGE_STANDARD = gnu11;
				GCC_NO_COMMON_BLOCKS = YES;
				GCC_WARN_64_TO_32_BIT_CONVERSION = YES;
				GCC_WARN_ABOUT_RETURN_TYPE = YES_ERROR;
				GCC_WARN_UNDECLARED_SELECTOR = YES;
				GCC_WARN_UNINITIALIZED_AUTOS = YES_AGGRESSIVE;
				GCC_WARN_UNUSED_FUNCTION = YES;
				GCC_WARN_UNUSED_VARIABLE = YES;
				IPHONEOS_DEPLOYMENT_TARGET = 13.2;
				MTL_ENABLE_DEBUG_INFO = NO;
				MTL_FAST_MATH = YES;
				SDKROOT = iphoneos;
				SWIFT_COMPILATION_MODE = wholemodule;
				SWIFT_OPTIMIZATION_LEVEL = "-O";
				VALIDATE_PRODUCT = YES;
			};
			name = Release;
		};
		894688FB23D535F4005DF4ED /* Debug */ = {
			isa = XCBuildConfiguration;
			buildSettings = {
				ASSETCATALOG_COMPILER_APPICON_NAME = AppIcon;
				CODE_SIGN_STYLE = Automatic;
				INFOPLIST_FILE = Consolidation_IX/Info.plist;
				LD_RUNPATH_SEARCH_PATHS = (
					"$(inherited)",
					"@executable_path/Frameworks",
				);
				PRODUCT_BUNDLE_IDENTIFIER = "rafascalzo-com.guithub.Consolidation-IX";
				PRODUCT_NAME = "$(TARGET_NAME)";
				SWIFT_VERSION = 5.0;
				TARGETED_DEVICE_FAMILY = "1,2";
			};
			name = Debug;
		};
		894688FC23D535F4005DF4ED /* Release */ = {
			isa = XCBuildConfiguration;
			buildSettings = {
				ASSETCATALOG_COMPILER_APPICON_NAME = AppIcon;
				CODE_SIGN_STYLE = Automatic;
				INFOPLIST_FILE = Consolidation_IX/Info.plist;
				LD_RUNPATH_SEARCH_PATHS = (
					"$(inherited)",
					"@executable_path/Frameworks",
				);
				PRODUCT_BUNDLE_IDENTIFIER = "rafascalzo-com.guithub.Consolidation-IX";
				PRODUCT_NAME = "$(TARGET_NAME)";
				SWIFT_VERSION = 5.0;
				TARGETED_DEVICE_FAMILY = "1,2";
			};
			name = Release;
		};
/* End XCBuildConfiguration section */

/* Begin XCConfigurationList section */
		894688E123D535F1005DF4ED /* Build configuration list for PBXProject "Consolidation_IX" */ = {
			isa = XCConfigurationList;
			buildConfigurations = (
				894688F823D535F4005DF4ED /* Debug */,
				894688F923D535F4005DF4ED /* Release */,
			);
			defaultConfigurationIsVisible = 0;
			defaultConfigurationName = Release;
		};
		894688FA23D535F4005DF4ED /* Build configuration list for PBXNativeTarget "Consolidation_IX" */ = {
			isa = XCConfigurationList;
			buildConfigurations = (
				894688FB23D535F4005DF4ED /* Debug */,
				894688FC23D535F4005DF4ED /* Release */,
			);
			defaultConfigurationIsVisible = 0;
			defaultConfigurationName = Release;
		};
/* End XCConfigurationList section */
	};
	rootObject = 894688DE23D535F1005DF4ED /* Project object */;
}
