// !$*UTF8*$!
{
	archiveVersion = 1;
	classes = {
	};
	objectVersion = 50;
	objects = {

/* Begin PBXBuildFile section */
		8978DBEB23DB95F3000F33B4 /* AppDelegate.swift in Sources */ = {isa = PBXBuildFile; fileRef = 8978DBEA23DB95F3000F33B4 /* AppDelegate.swift */; };
		8978DBED23DB95F3000F33B4 /* SceneDelegate.swift in Sources */ = {isa = PBXBuildFile; fileRef = 8978DBEC23DB95F3000F33B4 /* SceneDelegate.swift */; };
		8978DBEF23DB95F3000F33B4 /* ViewController.swift in Sources */ = {isa = PBXBuildFile; fileRef = 8978DBEE23DB95F3000F33B4 /* ViewController.swift */; };
		8978DBF423DB95F5000F33B4 /* Assets.xcassets in Resources */ = {isa = PBXBuildFile; fileRef = 8978DBF323DB95F5000F33B4 /* Assets.xcassets */; };
		8978DBF723DB95F5000F33B4 /* LaunchScreen.storyboard in Resources */ = {isa = PBXBuildFile; fileRef = 8978DBF523DB95F5000F33B4 /* LaunchScreen.storyboard */; };
		8978DC0023DB9722000F33B4 /* ViewController.xib in Resources */ = {isa = PBXBuildFile; fileRef = 8978DBFF23DB9722000F33B4 /* ViewController.xib */; };
/* End PBXBuildFile section */

/* Begin PBXFileReference section */
		8978DBE723DB95F3000F33B4 /* Project_27_CoreGraphics.app */ = {isa = PBXFileReference; explicitFileType = wrapper.application; includeInIndex = 0; path = Project_27_CoreGraphics.app; sourceTree = BUILT_PRODUCTS_DIR; };
		8978DBEA23DB95F3000F33B4 /* AppDelegate.swift */ = {isa = PBXFileReference; lastKnownFileType = sourcecode.swift; path = AppDelegate.swift; sourceTree = "<group>"; };
		8978DBEC23DB95F3000F33B4 /* SceneDelegate.swift */ = {isa = PBXFileReference; lastKnownFileType = sourcecode.swift; path = SceneDelegate.swift; sourceTree = "<group>"; };
		8978DBEE23DB95F3000F33B4 /* ViewController.swift */ = {isa = PBXFileReference; lastKnownFileType = sourcecode.swift; path = ViewController.swift; sourceTree = "<group>"; };
		8978DBF323DB95F5000F33B4 /* Assets.xcassets */ = {isa = PBXFileReference; lastKnownFileType = folder.assetcatalog; path = Assets.xcassets; sourceTree = "<group>"; };
		8978DBF623DB95F5000F33B4 /* Base */ = {isa = PBXFileReference; lastKnownFileType = file.storyboard; name = Base; path = Base.lproj/LaunchScreen.storyboard; sourceTree = "<group>"; };
		8978DBF823DB95F5000F33B4 /* Info.plist */ = {isa = PBXFileReference; lastKnownFileType = text.plist.xml; path = Info.plist; sourceTree = "<group>"; };
		8978DBFF23DB9722000F33B4 /* ViewController.xib */ = {isa = PBXFileReference; lastKnownFileType = file.xib; path = ViewController.xib; sourceTree = "<group>"; };
/* End PBXFileReference section */

/* Begin PBXFrameworksBuildPhase section */
		8978DBE423DB95F3000F33B4 /* Frameworks */ = {
			isa = PBXFrameworksBuildPhase;
			buildActionMask = 2147483647;
			files = (
			);
			runOnlyForDeploymentPostprocessing = 0;
		};
/* End PBXFrameworksBuildPhase section */

/* Begin PBXGroup section */
		8978DBDE23DB95F3000F33B4 = {
			isa = PBXGroup;
			children = (
				8978DBE923DB95F3000F33B4 /* Project_27_CoreGraphics */,
				8978DBE823DB95F3000F33B4 /* Products */,
			);
			sourceTree = "<group>";
		};
		8978DBE823DB95F3000F33B4 /* Products */ = {
			isa = PBXGroup;
			children = (
				8978DBE723DB95F3000F33B4 /* Project_27_CoreGraphics.app */,
			);
			name = Products;
			sourceTree = "<group>";
		};
		8978DBE923DB95F3000F33B4 /* Project_27_CoreGraphics */ = {
			isa = PBXGroup;
			children = (
				8978DBFE23DB95FB000F33B4 /* Main */,
				8978DBEA23DB95F3000F33B4 /* AppDelegate.swift */,
				8978DBEC23DB95F3000F33B4 /* SceneDelegate.swift */,
				8978DBF323DB95F5000F33B4 /* Assets.xcassets */,
				8978DBF523DB95F5000F33B4 /* LaunchScreen.storyboard */,
				8978DBF823DB95F5000F33B4 /* Info.plist */,
			);
			path = Project_27_CoreGraphics;
			sourceTree = "<group>";
		};
		8978DBFE23DB95FB000F33B4 /* Main */ = {
			isa = PBXGroup;
			children = (
				8978DBEE23DB95F3000F33B4 /* ViewController.swift */,
				8978DBFF23DB9722000F33B4 /* ViewController.xib */,
			);
			path = Main;
			sourceTree = "<group>";
		};
/* End PBXGroup section */

/* Begin PBXNativeTarget section */
		8978DBE623DB95F3000F33B4 /* Project_27_CoreGraphics */ = {
			isa = PBXNativeTarget;
			buildConfigurationList = 8978DBFB23DB95F5000F33B4 /* Build configuration list for PBXNativeTarget "Project_27_CoreGraphics" */;
			buildPhases = (
				8978DBE323DB95F3000F33B4 /* Sources */,
				8978DBE423DB95F3000F33B4 /* Frameworks */,
				8978DBE523DB95F3000F33B4 /* Resources */,
			);
			buildRules = (
			);
			dependencies = (
			);
			name = Project_27_CoreGraphics;
			productName = Project_27_CoreGraphics;
			productReference = 8978DBE723DB95F3000F33B4 /* Project_27_CoreGraphics.app */;
			productType = "com.apple.product-type.application";
		};
/* End PBXNativeTarget section */

/* Begin PBXProject section */
		8978DBDF23DB95F3000F33B4 /* Project object */ = {
			isa = PBXProject;
			attributes = {
				LastSwiftUpdateCheck = 1130;
				LastUpgradeCheck = 1130;
				ORGANIZATIONNAME = "Rafael Scalzo";
				TargetAttributes = {
					8978DBE623DB95F3000F33B4 = {
						CreatedOnToolsVersion = 11.3;
					};
				};
			};
			buildConfigurationList = 8978DBE223DB95F3000F33B4 /* Build configuration list for PBXProject "Project_27_CoreGraphics" */;
			compatibilityVersion = "Xcode 9.3";
			developmentRegion = en;
			hasScannedForEncodings = 0;
			knownRegions = (
				en,
				Base,
			);
			mainGroup = 8978DBDE23DB95F3000F33B4;
			productRefGroup = 8978DBE823DB95F3000F33B4 /* Products */;
			projectDirPath = "";
			projectRoot = "";
			targets = (
				8978DBE623DB95F3000F33B4 /* Project_27_CoreGraphics */,
			);
		};
/* End PBXProject section */

/* Begin PBXResourcesBuildPhase section */
		8978DBE523DB95F3000F33B4 /* Resources */ = {
			isa = PBXResourcesBuildPhase;
			buildActionMask = 2147483647;
			files = (
				8978DBF723DB95F5000F33B4 /* LaunchScreen.storyboard in Resources */,
				8978DC0023DB9722000F33B4 /* ViewController.xib in Resources */,
				8978DBF423DB95F5000F33B4 /* Assets.xcassets in Resources */,
			);
			runOnlyForDeploymentPostprocessing = 0;
		};
/* End PBXResourcesBuildPhase section */

/* Begin PBXSourcesBuildPhase section */
		8978DBE323DB95F3000F33B4 /* Sources */ = {
			isa = PBXSourcesBuildPhase;
			buildActionMask = 2147483647;
			files = (
				8978DBEF23DB95F3000F33B4 /* ViewController.swift in Sources */,
				8978DBEB23DB95F3000F33B4 /* AppDelegate.swift in Sources */,
				8978DBED23DB95F3000F33B4 /* SceneDelegate.swift in Sources */,
			);
			runOnlyForDeploymentPostprocessing = 0;
		};
/* End PBXSourcesBuildPhase section */

/* Begin PBXVariantGroup section */
		8978DBF523DB95F5000F33B4 /* LaunchScreen.storyboard */ = {
			isa = PBXVariantGroup;
			children = (
				8978DBF623DB95F5000F33B4 /* Base */,
			);
			name = LaunchScreen.storyboard;
			sourceTree = "<group>";
		};
/* End PBXVariantGroup section */

/* Begin XCBuildConfiguration section */
		8978DBF923DB95F5000F33B4 /* Debug */ = {
			isa = XCBuildConfiguration;
			buildSettings = {
				ALWAYS_SEARCH_USER_PATHS = NO;
				CLANG_ANALYZER_NONNULL = YES;
				CLANG_ANALYZER_NUMBER_OBJECT_CONVERSION = YES_AGGRESSIVE;
				CLANG_CXX_LANGUAGE_STANDARD = "gnu++14";
				CLANG_CXX_LIBRARY = "libc++";
				CLANG_ENABLE_MODULES = YES;
				CLANG_ENABLE_OBJC_ARC = YES;
				CLANG_ENABLE_OBJC_WEAK = YES;
				CLANG_WARN_BLOCK_CAPTURE_AUTORELEASING = YES;
				CLANG_WARN_BOOL_CONVERSION = YES;
				CLANG_WARN_COMMA = YES;
				CLANG_WARN_CONSTANT_CONVERSION = YES;
				CLANG_WARN_DEPRECATED_OBJC_IMPLEMENTATIONS = YES;
				CLANG_WARN_DIRECT_OBJC_ISA_USAGE = YES_ERROR;
				CLANG_WARN_DOCUMENTATION_COMMENTS = YES;
				CLANG_WARN_EMPTY_BODY = YES;
				CLANG_WARN_ENUM_CONVERSION = YES;
				CLANG_WARN_INFINITE_RECURSION = YES;
				CLANG_WARN_INT_CONVERSION = YES;
				CLANG_WARN_NON_LITERAL_NULL_CONVERSION = YES;
				CLANG_WARN_OBJC_IMPLICIT_RETAIN_SELF = YES;
				CLANG_WARN_OBJC_LITERAL_CONVERSION = YES;
				CLANG_WARN_OBJC_ROOT_CLASS = YES_ERROR;
				CLANG_WARN_RANGE_LOOP_ANALYSIS = YES;
				CLANG_WARN_STRICT_PROTOTYPES = YES;
				CLANG_WARN_SUSPICIOUS_MOVE = YES;
				CLANG_WARN_UNGUARDED_AVAILABILITY = YES_AGGRESSIVE;
				CLANG_WARN_UNREACHABLE_CODE = YES;
				CLANG_WARN__DUPLICATE_METHOD_MATCH = YES;
				COPY_PHASE_STRIP = NO;
				DEBUG_INFORMATION_FORMAT = dwarf;
				ENABLE_STRICT_OBJC_MSGSEND = YES;
				ENABLE_TESTABILITY = YES;
				GCC_C_LANGUAGE_STANDARD = gnu11;
				GCC_DYNAMIC_NO_PIC = NO;
				GCC_NO_COMMON_BLOCKS = YES;
				GCC_OPTIMIZATION_LEVEL = 0;
				GCC_PREPROCESSOR_DEFINITIONS = (
					"DEBUG=1",
					"$(inherited)",
				);
				GCC_WARN_64_TO_32_BIT_CONVERSION = YES;
				GCC_WARN_ABOUT_RETURN_TYPE = YES_ERROR;
				GCC_WARN_UNDECLARED_SELECTOR = YES;
				GCC_WARN_UNINITIALIZED_AUTOS = YES_AGGRESSIVE;
				GCC_WARN_UNUSED_FUNCTION = YES;
				GCC_WARN_UNUSED_VARIABLE = YES;
				IPHONEOS_DEPLOYMENT_TARGET = 10.0;
				MTL_ENABLE_DEBUG_INFO = INCLUDE_SOURCE;
				MTL_FAST_MATH = YES;
				ONLY_ACTIVE_ARCH = YES;
				SDKROOT = iphoneos;
				SWIFT_ACTIVE_COMPILATION_CONDITIONS = DEBUG;
				SWIFT_OPTIMIZATION_LEVEL = "-Onone";
			};
			name = Debug;
		};
		8978DBFA23DB95F5000F33B4 /* Release */ = {
			isa = XCBuildConfiguration;
			buildSettings = {
				ALWAYS_SEARCH_USER_PATHS = NO;
				CLANG_ANALYZER_NONNULL = YES;
				CLANG_ANALYZER_NUMBER_OBJECT_CONVERSION = YES_AGGRESSIVE;
				CLANG_CXX_LANGUAGE_STANDARD = "gnu++14";
				CLANG_CXX_LIBRARY = "libc++";
				CLANG_ENABLE_MODULES = YES;
				CLANG_ENABLE_OBJC_ARC = YES;
				CLANG_ENABLE_OBJC_WEAK = YES;
				CLANG_WARN_BLOCK_CAPTURE_AUTORELEASING = YES;
				CLANG_WARN_BOOL_CONVERSION = YES;
				CLANG_WARN_COMMA = YES;
				CLANG_WARN_CONSTANT_CONVERSION = YES;
				CLANG_WARN_DEPRECATED_OBJC_IMPLEMENTATIONS = YES;
				CLANG_WARN_DIRECT_OBJC_ISA_USAGE = YES_ERROR;
				CLANG_WARN_DOCUMENTATION_COMMENTS = YES;
				CLANG_WARN_EMPTY_BODY = YES;
				CLANG_WARN_ENUM_CONVERSION = YES;
				CLANG_WARN_INFINITE_RECURSION = YES;
				CLANG_WARN_INT_CONVERSION = YES;
				CLANG_WARN_NON_LITERAL_NULL_CONVERSION = YES;
				CLANG_WARN_OBJC_IMPLICIT_RETAIN_SELF = YES;
				CLANG_WARN_OBJC_LITERAL_CONVERSION = YES;
				CLANG_WARN_OBJC_ROOT_CLASS = YES_ERROR;
				CLANG_WARN_RANGE_LOOP_ANALYSIS = YES;
				CLANG_WARN_STRICT_PROTOTYPES = YES;
				CLANG_WARN_SUSPICIOUS_MOVE = YES;
				CLANG_WARN_UNGUARDED_AVAILABILITY = YES_AGGRESSIVE;
				CLANG_WARN_UNREACHABLE_CODE = YES;
				CLANG_WARN__DUPLICATE_METHOD_MATCH = YES;
				COPY_PHASE_STRIP = NO;
				DEBUG_INFORMATION_FORMAT = "dwarf-with-dsym";
				ENABLE_NS_ASSERTIONS = NO;
				ENABLE_STRICT_OBJC_MSGSEND = YES;
				GCC_C_LANGUAGE_STANDARD = gnu11;
				GCC_NO_COMMON_BLOCKS = YES;
				GCC_WARN_64_TO_32_BIT_CONVERSION = YES;
				GCC_WARN_ABOUT_RETURN_TYPE = YES_ERROR;
				GCC_WARN_UNDECLARED_SELECTOR = YES;
				GCC_WARN_UNINITIALIZED_AUTOS = YES_AGGRESSIVE;
				GCC_WARN_UNUSED_FUNCTION = YES;
				GCC_WARN_UNUSED_VARIABLE = YES;
				IPHONEOS_DEPLOYMENT_TARGET = 10.0;
				MTL_ENABLE_DEBUG_INFO = NO;
				MTL_FAST_MATH = YES;
				SDKROOT = iphoneos;
				SWIFT_COMPILATION_MODE = wholemodule;
				SWIFT_OPTIMIZATION_LEVEL = "-O";
				VALIDATE_PRODUCT = YES;
			};
			name = Release;
		};
		8978DBFC23DB95F5000F33B4 /* Debug */ = {
			isa = XCBuildConfiguration;
			buildSettings = {
				ASSETCATALOG_COMPILER_APPICON_NAME = AppIcon;
				CODE_SIGN_STYLE = Automatic;
				INFOPLIST_FILE = Project_27_CoreGraphics/Info.plist;
				LD_RUNPATH_SEARCH_PATHS = (
					"$(inherited)",
					"@executable_path/Frameworks",
				);
				PRODUCT_BUNDLE_IDENTIFIER = "rafascalzo-com.guithub.Project-27-CoreGraphics";
				PRODUCT_NAME = "$(TARGET_NAME)";
				SWIFT_VERSION = 5.0;
				TARGETED_DEVICE_FAMILY = 2;
			};
			name = Debug;
		};
		8978DBFD23DB95F5000F33B4 /* Release */ = {
			isa = XCBuildConfiguration;
			buildSettings = {
				ASSETCATALOG_COMPILER_APPICON_NAME = AppIcon;
				CODE_SIGN_STYLE = Automatic;
				INFOPLIST_FILE = Project_27_CoreGraphics/Info.plist;
				LD_RUNPATH_SEARCH_PATHS = (
					"$(inherited)",
					"@executable_path/Frameworks",
				);
				PRODUCT_BUNDLE_IDENTIFIER = "rafascalzo-com.guithub.Project-27-CoreGraphics";
				PRODUCT_NAME = "$(TARGET_NAME)";
				SWIFT_VERSION = 5.0;
				TARGETED_DEVICE_FAMILY = 2;
			};
			name = Release;
		};
/* End XCBuildConfiguration section */

/* Begin XCConfigurationList section */
		8978DBE223DB95F3000F33B4 /* Build configuration list for PBXProject "Project_27_CoreGraphics" */ = {
			isa = XCConfigurationList;
			buildConfigurations = (
				8978DBF923DB95F5000F33B4 /* Debug */,
				8978DBFA23DB95F5000F33B4 /* Release */,
			);
			defaultConfigurationIsVisible = 0;
			defaultConfigurationName = Release;
		};
		8978DBFB23DB95F5000F33B4 /* Build configuration list for PBXNativeTarget "Project_27_CoreGraphics" */ = {
			isa = XCConfigurationList;
			buildConfigurations = (
				8978DBFC23DB95F5000F33B4 /* Debug */,
				8978DBFD23DB95F5000F33B4 /* Release */,
			);
			defaultConfigurationIsVisible = 0;
			defaultConfigurationName = Release;
		};
/* End XCConfigurationList section */
	};
	rootObject = 8978DBDF23DB95F3000F33B4 /* Project object */;
}
