// !$*UTF8*$!
{
	archiveVersion = 1;
	classes = {
	};
	objectVersion = 50;
	objects = {

/* Begin PBXBuildFile section */
		AF28DF27237A4A0E00EC8A9D /* AppDelegate.swift in Sources */ = {isa = PBXBuildFile; fileRef = AF28DF26237A4A0E00EC8A9D /* AppDelegate.swift */; };
		AF28DF29237A4A0E00EC8A9D /* SceneDelegate.swift in Sources */ = {isa = PBXBuildFile; fileRef = AF28DF28237A4A0E00EC8A9D /* SceneDelegate.swift */; };
		AF28DF2B237A4A0E00EC8A9D /* ViewController.swift in Sources */ = {isa = PBXBuildFile; fileRef = AF28DF2A237A4A0E00EC8A9D /* ViewController.swift */; };
		AF28DF30237A4A0F00EC8A9D /* Assets.xcassets in Resources */ = {isa = PBXBuildFile; fileRef = AF28DF2F237A4A0F00EC8A9D /* Assets.xcassets */; };
		AF28DF33237A4A0F00EC8A9D /* LaunchScreen.storyboard in Resources */ = {isa = PBXBuildFile; fileRef = AF28DF31237A4A0F00EC8A9D /* LaunchScreen.storyboard */; };
		AFE054C5237A4B2000552E96 /* ViewController.xib in Resources */ = {isa = PBXBuildFile; fileRef = AFE054C4237A4B2000552E96 /* ViewController.xib */; };
/* End PBXBuildFile section */

/* Begin PBXFileReference section */
		AF28DF23237A4A0E00EC8A9D /* Project13PictureFilterSlider.app */ = {isa = PBXFileReference; explicitFileType = wrapper.application; includeInIndex = 0; path = Project13PictureFilterSlider.app; sourceTree = BUILT_PRODUCTS_DIR; };
		AF28DF26237A4A0E00EC8A9D /* AppDelegate.swift */ = {isa = PBXFileReference; lastKnownFileType = sourcecode.swift; path = AppDelegate.swift; sourceTree = "<group>"; };
		AF28DF28237A4A0E00EC8A9D /* SceneDelegate.swift */ = {isa = PBXFileReference; lastKnownFileType = sourcecode.swift; path = SceneDelegate.swift; sourceTree = "<group>"; };
		AF28DF2A237A4A0E00EC8A9D /* ViewController.swift */ = {isa = PBXFileReference; lastKnownFileType = sourcecode.swift; path = ViewController.swift; sourceTree = "<group>"; };
		AF28DF2F237A4A0F00EC8A9D /* Assets.xcassets */ = {isa = PBXFileReference; lastKnownFileType = folder.assetcatalog; path = Assets.xcassets; sourceTree = "<group>"; };
		AF28DF32237A4A0F00EC8A9D /* Base */ = {isa = PBXFileReference; lastKnownFileType = file.storyboard; name = Base; path = Base.lproj/LaunchScreen.storyboard; sourceTree = "<group>"; };
		AF28DF34237A4A0F00EC8A9D /* Info.plist */ = {isa = PBXFileReference; lastKnownFileType = text.plist.xml; path = Info.plist; sourceTree = "<group>"; };
		AFE054C4237A4B2000552E96 /* ViewController.xib */ = {isa = PBXFileReference; lastKnownFileType = file.xib; path = ViewController.xib; sourceTree = "<group>"; };
/* End PBXFileReference section */

/* Begin PBXFrameworksBuildPhase section */
		AF28DF20237A4A0E00EC8A9D /* Frameworks */ = {
			isa = PBXFrameworksBuildPhase;
			buildActionMask = 2147483647;
			files = (
			);
			runOnlyForDeploymentPostprocessing = 0;
		};
/* End PBXFrameworksBuildPhase section */

/* Begin PBXGroup section */
		AF28DF1A237A4A0E00EC8A9D = {
			isa = PBXGroup;
			children = (
				AF28DF25237A4A0E00EC8A9D /* Project13PictureFilterSlider */,
				AF28DF24237A4A0E00EC8A9D /* Products */,
			);
			sourceTree = "<group>";
		};
		AF28DF24237A4A0E00EC8A9D /* Products */ = {
			isa = PBXGroup;
			children = (
				AF28DF23237A4A0E00EC8A9D /* Project13PictureFilterSlider.app */,
			);
			name = Products;
			sourceTree = "<group>";
		};
		AF28DF25237A4A0E00EC8A9D /* Project13PictureFilterSlider */ = {
			isa = PBXGroup;
			children = (
				AF28DF3A237A4A4500EC8A9D /* MainView */,
				AF28DF26237A4A0E00EC8A9D /* AppDelegate.swift */,
				AF28DF28237A4A0E00EC8A9D /* SceneDelegate.swift */,
				AF28DF2F237A4A0F00EC8A9D /* Assets.xcassets */,
				AF28DF31237A4A0F00EC8A9D /* LaunchScreen.storyboard */,
				AF28DF34237A4A0F00EC8A9D /* Info.plist */,
			);
			path = Project13PictureFilterSlider;
			sourceTree = "<group>";
		};
		AF28DF3A237A4A4500EC8A9D /* MainView */ = {
			isa = PBXGroup;
			children = (
				AF28DF2A237A4A0E00EC8A9D /* ViewController.swift */,
				AFE054C4237A4B2000552E96 /* ViewController.xib */,
			);
			path = MainView;
			sourceTree = "<group>";
		};
/* End PBXGroup section */

/* Begin PBXNativeTarget section */
		AF28DF22237A4A0E00EC8A9D /* Project13PictureFilterSlider */ = {
			isa = PBXNativeTarget;
			buildConfigurationList = AF28DF37237A4A0F00EC8A9D /* Build configuration list for PBXNativeTarget "Project13PictureFilterSlider" */;
			buildPhases = (
				AF28DF1F237A4A0E00EC8A9D /* Sources */,
				AF28DF20237A4A0E00EC8A9D /* Frameworks */,
				AF28DF21237A4A0E00EC8A9D /* Resources */,
			);
			buildRules = (
			);
			dependencies = (
			);
			name = Project13PictureFilterSlider;
			productName = Project13PictureFilterSlider;
			productReference = AF28DF23237A4A0E00EC8A9D /* Project13PictureFilterSlider.app */;
			productType = "com.apple.product-type.application";
		};
/* End PBXNativeTarget section */

/* Begin PBXProject section */
		AF28DF1B237A4A0E00EC8A9D /* Project object */ = {
			isa = PBXProject;
			attributes = {
				LastSwiftUpdateCheck = 1110;
				LastUpgradeCheck = 1110;
				ORGANIZATIONNAME = rafaeldelegate;
				TargetAttributes = {
					AF28DF22237A4A0E00EC8A9D = {
						CreatedOnToolsVersion = 11.1;
					};
				};
			};
			buildConfigurationList = AF28DF1E237A4A0E00EC8A9D /* Build configuration list for PBXProject "Project13PictureFilterSlider" */;
			compatibilityVersion = "Xcode 9.3";
			developmentRegion = en;
			hasScannedForEncodings = 0;
			knownRegions = (
				en,
				Base,
			);
			mainGroup = AF28DF1A237A4A0E00EC8A9D;
			productRefGroup = AF28DF24237A4A0E00EC8A9D /* Products */;
			projectDirPath = "";
			projectRoot = "";
			targets = (
				AF28DF22237A4A0E00EC8A9D /* Project13PictureFilterSlider */,
			);
		};
/* End PBXProject section */

/* Begin PBXResourcesBuildPhase section */
		AF28DF21237A4A0E00EC8A9D /* Resources */ = {
			isa = PBXResourcesBuildPhase;
			buildActionMask = 2147483647;
			files = (
				AF28DF33237A4A0F00EC8A9D /* LaunchScreen.storyboard in Resources */,
				AFE054C5237A4B2000552E96 /* ViewController.xib in Resources */,
				AF28DF30237A4A0F00EC8A9D /* Assets.xcassets in Resources */,
			);
			runOnlyForDeploymentPostprocessing = 0;
		};
/* End PBXResourcesBuildPhase section */

/* Begin PBXSourcesBuildPhase section */
		AF28DF1F237A4A0E00EC8A9D /* Sources */ = {
			isa = PBXSourcesBuildPhase;
			buildActionMask = 2147483647;
			files = (
				AF28DF2B237A4A0E00EC8A9D /* ViewController.swift in Sources */,
				AF28DF27237A4A0E00EC8A9D /* AppDelegate.swift in Sources */,
				AF28DF29237A4A0E00EC8A9D /* SceneDelegate.swift in Sources */,
			);
			runOnlyForDeploymentPostprocessing = 0;
		};
/* End PBXSourcesBuildPhase section */

/* Begin PBXVariantGroup section */
		AF28DF31237A4A0F00EC8A9D /* LaunchScreen.storyboard */ = {
			isa = PBXVariantGroup;
			children = (
				AF28DF32237A4A0F00EC8A9D /* Base */,
			);
			name = LaunchScreen.storyboard;
			sourceTree = "<group>";
		};
/* End PBXVariantGroup section */

/* Begin XCBuildConfiguration section */
		AF28DF35237A4A0F00EC8A9D /* Debug */ = {
			isa = XCBuildConfiguration;
			buildSettings = {
				ALWAYS_SEARCH_USER_PATHS = NO;
				CLANG_ANALYZER_NONNULL = YES;
				CLANG_ANALYZER_NUMBER_OBJECT_CONVERSION = YES_AGGRESSIVE;
				CLANG_CXX_LANGUAGE_STANDARD = "gnu++14";
				CLANG_CXX_LIBRARY = "libc++";
				CLANG_ENABLE_MODULES = YES;
				CLANG_ENABLE_OBJC_ARC = YES;
				CLANG_ENABLE_OBJC_WEAK = YES;
				CLANG_WARN_BLOCK_CAPTURE_AUTORELEASING = YES;
				CLANG_WARN_BOOL_CONVERSION = YES;
				CLANG_WARN_COMMA = YES;
				CLANG_WARN_CONSTANT_CONVERSION = YES;
				CLANG_WARN_DEPRECATED_OBJC_IMPLEMENTATIONS = YES;
				CLANG_WARN_DIRECT_OBJC_ISA_USAGE = YES_ERROR;
				CLANG_WARN_DOCUMENTATION_COMMENTS = YES;
				CLANG_WARN_EMPTY_BODY = YES;
				CLANG_WARN_ENUM_CONVERSION = YES;
				CLANG_WARN_INFINITE_RECURSION = YES;
				CLANG_WARN_INT_CONVERSION = YES;
				CLANG_WARN_NON_LITERAL_NULL_CONVERSION = YES;
				CLANG_WARN_OBJC_IMPLICIT_RETAIN_SELF = YES;
				CLANG_WARN_OBJC_LITERAL_CONVERSION = YES;
				CLANG_WARN_OBJC_ROOT_CLASS = YES_ERROR;
				CLANG_WARN_RANGE_LOOP_ANALYSIS = YES;
				CLANG_WARN_STRICT_PROTOTYPES = YES;
				CLANG_WARN_SUSPICIOUS_MOVE = YES;
				CLANG_WARN_UNGUARDED_AVAILABILITY = YES_AGGRESSIVE;
				CLANG_WARN_UNREACHABLE_CODE = YES;
				CLANG_WARN__DUPLICATE_METHOD_MATCH = YES;
				COPY_PHASE_STRIP = NO;
				DEBUG_INFORMATION_FORMAT = dwarf;
				ENABLE_STRICT_OBJC_MSGSEND = YES;
				ENABLE_TESTABILITY = YES;
				GCC_C_LANGUAGE_STANDARD = gnu11;
				GCC_DYNAMIC_NO_PIC = NO;
				GCC_NO_COMMON_BLOCKS = YES;
				GCC_OPTIMIZATION_LEVEL = 0;
				GCC_PREPROCESSOR_DEFINITIONS = (
					"DEBUG=1",
					"$(inherited)",
				);
				GCC_WARN_64_TO_32_BIT_CONVERSION = YES;
				GCC_WARN_ABOUT_RETURN_TYPE = YES_ERROR;
				GCC_WARN_UNDECLARED_SELECTOR = YES;
				GCC_WARN_UNINITIALIZED_AUTOS = YES_AGGRESSIVE;
				GCC_WARN_UNUSED_FUNCTION = YES;
				GCC_WARN_UNUSED_VARIABLE = YES;
				IPHONEOS_DEPLOYMENT_TARGET = 13.1;
				MTL_ENABLE_DEBUG_INFO = INCLUDE_SOURCE;
				MTL_FAST_MATH = YES;
				ONLY_ACTIVE_ARCH = YES;
				SDKROOT = iphoneos;
				SWIFT_ACTIVE_COMPILATION_CONDITIONS = DEBUG;
				SWIFT_OPTIMIZATION_LEVEL = "-Onone";
			};
			name = Debug;
		};
		AF28DF36237A4A0F00EC8A9D /* Release */ = {
			isa = XCBuildConfiguration;
			buildSettings = {
				ALWAYS_SEARCH_USER_PATHS = NO;
				CLANG_ANALYZER_NONNULL = YES;
				CLANG_ANALYZER_NUMBER_OBJECT_CONVERSION = YES_AGGRESSIVE;
				CLANG_CXX_LANGUAGE_STANDARD = "gnu++14";
				CLANG_CXX_LIBRARY = "libc++";
				CLANG_ENABLE_MODULES = YES;
				CLANG_ENABLE_OBJC_ARC = YES;
				CLANG_ENABLE_OBJC_WEAK = YES;
				CLANG_WARN_BLOCK_CAPTURE_AUTORELEASING = YES;
				CLANG_WARN_BOOL_CONVERSION = YES;
				CLANG_WARN_COMMA = YES;
				CLANG_WARN_CONSTANT_CONVERSION = YES;
				CLANG_WARN_DEPRECATED_OBJC_IMPLEMENTATIONS = YES;
				CLANG_WARN_DIRECT_OBJC_ISA_USAGE = YES_ERROR;
				CLANG_WARN_DOCUMENTATION_COMMENTS = YES;
				CLANG_WARN_EMPTY_BODY = YES;
				CLANG_WARN_ENUM_CONVERSION = YES;
				CLANG_WARN_INFINITE_RECURSION = YES;
				CLANG_WARN_INT_CONVERSION = YES;
				CLANG_WARN_NON_LITERAL_NULL_CONVERSION = YES;
				CLANG_WARN_OBJC_IMPLICIT_RETAIN_SELF = YES;
				CLANG_WARN_OBJC_LITERAL_CONVERSION = YES;
				CLANG_WARN_OBJC_ROOT_CLASS = YES_ERROR;
				CLANG_WARN_RANGE_LOOP_ANALYSIS = YES;
				CLANG_WARN_STRICT_PROTOTYPES = YES;
				CLANG_WARN_SUSPICIOUS_MOVE = YES;
				CLANG_WARN_UNGUARDED_AVAILABILITY = YES_AGGRESSIVE;
				CLANG_WARN_UNREACHABLE_CODE = YES;
				CLANG_WARN__DUPLICATE_METHOD_MATCH = YES;
				COPY_PHASE_STRIP = NO;
				DEBUG_INFORMATION_FORMAT = "dwarf-with-dsym";
				ENABLE_NS_ASSERTIONS = NO;
				ENABLE_STRICT_OBJC_MSGSEND = YES;
				GCC_C_LANGUAGE_STANDARD = gnu11;
				GCC_NO_COMMON_BLOCKS = YES;
				GCC_WARN_64_TO_32_BIT_CONVERSION = YES;
				GCC_WARN_ABOUT_RETURN_TYPE = YES_ERROR;
				GCC_WARN_UNDECLARED_SELECTOR = YES;
				GCC_WARN_UNINITIALIZED_AUTOS = YES_AGGRESSIVE;
				GCC_WARN_UNUSED_FUNCTION = YES;
				GCC_WARN_UNUSED_VARIABLE = YES;
				IPHONEOS_DEPLOYMENT_TARGET = 13.1;
				MTL_ENABLE_DEBUG_INFO = NO;
				MTL_FAST_MATH = YES;
				SDKROOT = iphoneos;
				SWIFT_COMPILATION_MODE = wholemodule;
				SWIFT_OPTIMIZATION_LEVEL = "-O";
				VALIDATE_PRODUCT = YES;
			};
			name = Release;
		};
		AF28DF38237A4A0F00EC8A9D /* Debug */ = {
			isa = XCBuildConfiguration;
			buildSettings = {
				ASSETCATALOG_COMPILER_APPICON_NAME = AppIcon;
				CODE_SIGN_STYLE = Automatic;
				INFOPLIST_FILE = Project13PictureFilterSlider/Info.plist;
				LD_RUNPATH_SEARCH_PATHS = (
					"$(inherited)",
					"@executable_path/Frameworks",
				);
				PRODUCT_BUNDLE_IDENTIFIER = "rafascalzo-com.guithub.Project13PictureFilterSlider";
				PRODUCT_NAME = "$(TARGET_NAME)";
				SWIFT_VERSION = 5.0;
				TARGETED_DEVICE_FAMILY = "1,2";
			};
			name = Debug;
		};
		AF28DF39237A4A0F00EC8A9D /* Release */ = {
			isa = XCBuildConfiguration;
			buildSettings = {
				ASSETCATALOG_COMPILER_APPICON_NAME = AppIcon;
				CODE_SIGN_STYLE = Automatic;
				INFOPLIST_FILE = Project13PictureFilterSlider/Info.plist;
				LD_RUNPATH_SEARCH_PATHS = (
					"$(inherited)",
					"@executable_path/Frameworks",
				);
				PRODUCT_BUNDLE_IDENTIFIER = "rafascalzo-com.guithub.Project13PictureFilterSlider";
				PRODUCT_NAME = "$(TARGET_NAME)";
				SWIFT_VERSION = 5.0;
				TARGETED_DEVICE_FAMILY = "1,2";
			};
			name = Release;
		};
/* End XCBuildConfiguration section */

/* Begin XCConfigurationList section */
		AF28DF1E237A4A0E00EC8A9D /* Build configuration list for PBXProject "Project13PictureFilterSlider" */ = {
			isa = XCConfigurationList;
			buildConfigurations = (
				AF28DF35237A4A0F00EC8A9D /* Debug */,
				AF28DF36237A4A0F00EC8A9D /* Release */,
			);
			defaultConfigurationIsVisible = 0;
			defaultConfigurationName = Release;
		};
		AF28DF37237A4A0F00EC8A9D /* Build configuration list for PBXNativeTarget "Project13PictureFilterSlider" */ = {
			isa = XCConfigurationList;
			buildConfigurations = (
				AF28DF38237A4A0F00EC8A9D /* Debug */,
				AF28DF39237A4A0F00EC8A9D /* Release */,
			);
			defaultConfigurationIsVisible = 0;
			defaultConfigurationName = Release;
		};
/* End XCConfigurationList section */
	};
	rootObject = AF28DF1B237A4A0E00EC8A9D /* Project object */;
}
