// !$*UTF8*$!
{
	archiveVersion = 1;
	classes = {
	};
	objectVersion = 50;
	objects = {

/* Begin PBXBuildFile section */
		89A727A723B32C3300C9B7A9 /* GameView.swift in Sources */ = {isa = PBXBuildFile; fileRef = 89A727A623B32C3300C9B7A9 /* GameView.swift */; };
		89A727AE23B335B300C9B7A9 /* SpaceEffect.sks in Resources */ = {isa = PBXBuildFile; fileRef = 89A727AC23B335B300C9B7A9 /* SpaceEffect.sks */; };
		89A727AF23B335B300C9B7A9 /* Spark.sks in Resources */ = {isa = PBXBuildFile; fileRef = 89A727AD23B335B300C9B7A9 /* Spark.sks */; };
		89B3E3B623AEC03E00E04CC2 /* AppDelegate.swift in Sources */ = {isa = PBXBuildFile; fileRef = 89B3E3B523AEC03E00E04CC2 /* AppDelegate.swift */; };
		89B3E3B823AEC03E00E04CC2 /* GameScene.sks in Resources */ = {isa = PBXBuildFile; fileRef = 89B3E3B723AEC03E00E04CC2 /* GameScene.sks */; };
		89B3E3BC23AEC03E00E04CC2 /* GameScene.swift in Sources */ = {isa = PBXBuildFile; fileRef = 89B3E3BB23AEC03E00E04CC2 /* GameScene.swift */; };
		89B3E3BE23AEC03E00E04CC2 /* GameViewController.swift in Sources */ = {isa = PBXBuildFile; fileRef = 89B3E3BD23AEC03E00E04CC2 /* GameViewController.swift */; };
		89B3E3C123AEC03E00E04CC2 /* Main.storyboard in Resources */ = {isa = PBXBuildFile; fileRef = 89B3E3BF23AEC03E00E04CC2 /* Main.storyboard */; };
		89B3E3C323AEC03F00E04CC2 /* Assets.xcassets in Resources */ = {isa = PBXBuildFile; fileRef = 89B3E3C223AEC03F00E04CC2 /* Assets.xcassets */; };
		89B3E3C623AEC03F00E04CC2 /* LaunchScreen.storyboard in Resources */ = {isa = PBXBuildFile; fileRef = 89B3E3C423AEC03F00E04CC2 /* LaunchScreen.storyboard */; };
/* End PBXBuildFile section */

/* Begin PBXFileReference section */
		89A727A623B32C3300C9B7A9 /* GameView.swift */ = {isa = PBXFileReference; lastKnownFileType = sourcecode.swift; path = GameView.swift; sourceTree = "<group>"; };
		89A727AC23B335B300C9B7A9 /* SpaceEffect.sks */ = {isa = PBXFileReference; lastKnownFileType = file.sks; path = SpaceEffect.sks; sourceTree = "<group>"; };
		89A727AD23B335B300C9B7A9 /* Spark.sks */ = {isa = PBXFileReference; lastKnownFileType = file.sks; path = Spark.sks; sourceTree = "<group>"; };
		89B3E3B223AEC03E00E04CC2 /* ShooterGameChallenge.app */ = {isa = PBXFileReference; explicitFileType = wrapper.application; includeInIndex = 0; path = ShooterGameChallenge.app; sourceTree = BUILT_PRODUCTS_DIR; };
		89B3E3B523AEC03E00E04CC2 /* AppDelegate.swift */ = {isa = PBXFileReference; lastKnownFileType = sourcecode.swift; path = AppDelegate.swift; sourceTree = "<group>"; };
		89B3E3B723AEC03E00E04CC2 /* GameScene.sks */ = {isa = PBXFileReference; lastKnownFileType = file.sks; path = GameScene.sks; sourceTree = "<group>"; };
		89B3E3BB23AEC03E00E04CC2 /* GameScene.swift */ = {isa = PBXFileReference; lastKnownFileType = sourcecode.swift; path = GameScene.swift; sourceTree = "<group>"; };
		89B3E3BD23AEC03E00E04CC2 /* GameViewController.swift */ = {isa = PBXFileReference; lastKnownFileType = sourcecode.swift; path = GameViewController.swift; sourceTree = "<group>"; };
		89B3E3C023AEC03E00E04CC2 /* Base */ = {isa = PBXFileReference; lastKnownFileType = file.storyboard; name = Base; path = Base.lproj/Main.storyboard; sourceTree = "<group>"; };
		89B3E3C223AEC03F00E04CC2 /* Assets.xcassets */ = {isa = PBXFileReference; lastKnownFileType = folder.assetcatalog; path = Assets.xcassets; sourceTree = "<group>"; };
		89B3E3C523AEC03F00E04CC2 /* Base */ = {isa = PBXFileReference; lastKnownFileType = file.storyboard; name = Base; path = Base.lproj/LaunchScreen.storyboard; sourceTree = "<group>"; };
		89B3E3C723AEC03F00E04CC2 /* Info.plist */ = {isa = PBXFileReference; lastKnownFileType = text.plist.xml; path = Info.plist; sourceTree = "<group>"; };
/* End PBXFileReference section */

/* Begin PBXFrameworksBuildPhase section */
		89B3E3AF23AEC03E00E04CC2 /* Frameworks */ = {
			isa = PBXFrameworksBuildPhase;
			buildActionMask = 2147483647;
			files = (
			);
			runOnlyForDeploymentPostprocessing = 0;
		};
/* End PBXFrameworksBuildPhase section */

/* Begin PBXGroup section */
		89B3E3A923AEC03E00E04CC2 = {
			isa = PBXGroup;
			children = (
				89B3E3B423AEC03E00E04CC2 /* ShooterGameChallenge */,
				89B3E3B323AEC03E00E04CC2 /* Products */,
			);
			sourceTree = "<group>";
		};
		89B3E3B323AEC03E00E04CC2 /* Products */ = {
			isa = PBXGroup;
			children = (
				89B3E3B223AEC03E00E04CC2 /* ShooterGameChallenge.app */,
			);
			name = Products;
			sourceTree = "<group>";
		};
		89B3E3B423AEC03E00E04CC2 /* ShooterGameChallenge */ = {
			isa = PBXGroup;
			children = (
				89B3E3B523AEC03E00E04CC2 /* AppDelegate.swift */,
				89B3E3B723AEC03E00E04CC2 /* GameScene.sks */,
				89B3E3BB23AEC03E00E04CC2 /* GameScene.swift */,
				89B3E3BD23AEC03E00E04CC2 /* GameViewController.swift */,
				89B3E3BF23AEC03E00E04CC2 /* Main.storyboard */,
				89B3E3C223AEC03F00E04CC2 /* Assets.xcassets */,
				89B3E3C423AEC03F00E04CC2 /* LaunchScreen.storyboard */,
				89B3E3C723AEC03F00E04CC2 /* Info.plist */,
				89A727A623B32C3300C9B7A9 /* GameView.swift */,
				89A727AC23B335B300C9B7A9 /* SpaceEffect.sks */,
				89A727AD23B335B300C9B7A9 /* Spark.sks */,
			);
			path = ShooterGameChallenge;
			sourceTree = "<group>";
		};
/* End PBXGroup section */

/* Begin PBXNativeTarget section */
		89B3E3B123AEC03E00E04CC2 /* ShooterGameChallenge */ = {
			isa = PBXNativeTarget;
			buildConfigurationList = 89B3E3CA23AEC03F00E04CC2 /* Build configuration list for PBXNativeTarget "ShooterGameChallenge" */;
			buildPhases = (
				89B3E3AE23AEC03E00E04CC2 /* Sources */,
				89B3E3AF23AEC03E00E04CC2 /* Frameworks */,
				89B3E3B023AEC03E00E04CC2 /* Resources */,
			);
			buildRules = (
			);
			dependencies = (
			);
			name = ShooterGameChallenge;
			productName = ShooterGameChallenge;
			productReference = 89B3E3B223AEC03E00E04CC2 /* ShooterGameChallenge.app */;
			productType = "com.apple.product-type.application";
		};
/* End PBXNativeTarget section */

/* Begin PBXProject section */
		89B3E3AA23AEC03E00E04CC2 /* Project object */ = {
			isa = PBXProject;
			attributes = {
				LastSwiftUpdateCheck = 1100;
				LastUpgradeCheck = 1100;
				ORGANIZATIONNAME = "Rafael Scalzo";
				TargetAttributes = {
					89B3E3B123AEC03E00E04CC2 = {
						CreatedOnToolsVersion = 11.0;
					};
				};
			};
			buildConfigurationList = 89B3E3AD23AEC03E00E04CC2 /* Build configuration list for PBXProject "ShooterGameChallenge" */;
			compatibilityVersion = "Xcode 9.3";
			developmentRegion = en;
			hasScannedForEncodings = 0;
			knownRegions = (
				en,
				Base,
			);
			mainGroup = 89B3E3A923AEC03E00E04CC2;
			productRefGroup = 89B3E3B323AEC03E00E04CC2 /* Products */;
			projectDirPath = "";
			projectRoot = "";
			targets = (
				89B3E3B123AEC03E00E04CC2 /* ShooterGameChallenge */,
			);
		};
/* End PBXProject section */

/* Begin PBXResourcesBuildPhase section */
		89B3E3B023AEC03E00E04CC2 /* Resources */ = {
			isa = PBXResourcesBuildPhase;
			buildActionMask = 2147483647;
			files = (
				89B3E3C123AEC03E00E04CC2 /* Main.storyboard in Resources */,
				89A727AE23B335B300C9B7A9 /* SpaceEffect.sks in Resources */,
				89B3E3B823AEC03E00E04CC2 /* GameScene.sks in Resources */,
				89B3E3C323AEC03F00E04CC2 /* Assets.xcassets in Resources */,
				89B3E3C623AEC03F00E04CC2 /* LaunchScreen.storyboard in Resources */,
				89A727AF23B335B300C9B7A9 /* Spark.sks in Resources */,
			);
			runOnlyForDeploymentPostprocessing = 0;
		};
/* End PBXResourcesBuildPhase section */

/* Begin PBXSourcesBuildPhase section */
		89B3E3AE23AEC03E00E04CC2 /* Sources */ = {
			isa = PBXSourcesBuildPhase;
			buildActionMask = 2147483647;
			files = (
				89B3E3BC23AEC03E00E04CC2 /* GameScene.swift in Sources */,
				89B3E3BE23AEC03E00E04CC2 /* GameViewController.swift in Sources */,
				89A727A723B32C3300C9B7A9 /* GameView.swift in Sources */,
				89B3E3B623AEC03E00E04CC2 /* AppDelegate.swift in Sources */,
			);
			runOnlyForDeploymentPostprocessing = 0;
		};
/* End PBXSourcesBuildPhase section */

/* Begin PBXVariantGroup section */
		89B3E3BF23AEC03E00E04CC2 /* Main.storyboard */ = {
			isa = PBXVariantGroup;
			children = (
				89B3E3C023AEC03E00E04CC2 /* Base */,
			);
			name = Main.storyboard;
			sourceTree = "<group>";
		};
		89B3E3C423AEC03F00E04CC2 /* LaunchScreen.storyboard */ = {
			isa = PBXVariantGroup;
			children = (
				89B3E3C523AEC03F00E04CC2 /* Base */,
			);
			name = LaunchScreen.storyboard;
			sourceTree = "<group>";
		};
/* End PBXVariantGroup section */

/* Begin XCBuildConfiguration section */
		89B3E3C823AEC03F00E04CC2 /* Debug */ = {
			isa = XCBuildConfiguration;
			buildSettings = {
				ALWAYS_SEARCH_USER_PATHS = NO;
				CLANG_ANALYZER_NONNULL = YES;
				CLANG_ANALYZER_NUMBER_OBJECT_CONVERSION = YES_AGGRESSIVE;
				CLANG_CXX_LANGUAGE_STANDARD = "gnu++14";
				CLANG_CXX_LIBRARY = "libc++";
				CLANG_ENABLE_MODULES = YES;
				CLANG_ENABLE_OBJC_ARC = YES;
				CLANG_ENABLE_OBJC_WEAK = YES;
				CLANG_WARN_BLOCK_CAPTURE_AUTORELEASING = YES;
				CLANG_WARN_BOOL_CONVERSION = YES;
				CLANG_WARN_COMMA = YES;
				CLANG_WARN_CONSTANT_CONVERSION = YES;
				CLANG_WARN_DEPRECATED_OBJC_IMPLEMENTATIONS = YES;
				CLANG_WARN_DIRECT_OBJC_ISA_USAGE = YES_ERROR;
				CLANG_WARN_DOCUMENTATION_COMMENTS = YES;
				CLANG_WARN_EMPTY_BODY = YES;
				CLANG_WARN_ENUM_CONVERSION = YES;
				CLANG_WARN_INFINITE_RECURSION = YES;
				CLANG_WARN_INT_CONVERSION = YES;
				CLANG_WARN_NON_LITERAL_NULL_CONVERSION = YES;
				CLANG_WARN_OBJC_IMPLICIT_RETAIN_SELF = YES;
				CLANG_WARN_OBJC_LITERAL_CONVERSION = YES;
				CLANG_WARN_OBJC_ROOT_CLASS = YES_ERROR;
				CLANG_WARN_RANGE_LOOP_ANALYSIS = YES;
				CLANG_WARN_STRICT_PROTOTYPES = YES;
				CLANG_WARN_SUSPICIOUS_MOVE = YES;
				CLANG_WARN_UNGUARDED_AVAILABILITY = YES_AGGRESSIVE;
				CLANG_WARN_UNREACHABLE_CODE = YES;
				CLANG_WARN__DUPLICATE_METHOD_MATCH = YES;
				COPY_PHASE_STRIP = NO;
				DEBUG_INFORMATION_FORMAT = dwarf;
				ENABLE_STRICT_OBJC_MSGSEND = YES;
				ENABLE_TESTABILITY = YES;
				GCC_C_LANGUAGE_STANDARD = gnu11;
				GCC_DYNAMIC_NO_PIC = NO;
				GCC_NO_COMMON_BLOCKS = YES;
				GCC_OPTIMIZATION_LEVEL = 0;
				GCC_PREPROCESSOR_DEFINITIONS = (
					"DEBUG=1",
					"$(inherited)",
				);
				GCC_WARN_64_TO_32_BIT_CONVERSION = YES;
				GCC_WARN_ABOUT_RETURN_TYPE = YES_ERROR;
				GCC_WARN_UNDECLARED_SELECTOR = YES;
				GCC_WARN_UNINITIALIZED_AUTOS = YES_AGGRESSIVE;
				GCC_WARN_UNUSED_FUNCTION = YES;
				GCC_WARN_UNUSED_VARIABLE = YES;
				IPHONEOS_DEPLOYMENT_TARGET = 13.0;
				MTL_ENABLE_DEBUG_INFO = INCLUDE_SOURCE;
				MTL_FAST_MATH = YES;
				ONLY_ACTIVE_ARCH = YES;
				SDKROOT = iphoneos;
				SWIFT_ACTIVE_COMPILATION_CONDITIONS = DEBUG;
				SWIFT_OPTIMIZATION_LEVEL = "-Onone";
			};
			name = Debug;
		};
		89B3E3C923AEC03F00E04CC2 /* Release */ = {
			isa = XCBuildConfiguration;
			buildSettings = {
				ALWAYS_SEARCH_USER_PATHS = NO;
				CLANG_ANALYZER_NONNULL = YES;
				CLANG_ANALYZER_NUMBER_OBJECT_CONVERSION = YES_AGGRESSIVE;
				CLANG_CXX_LANGUAGE_STANDARD = "gnu++14";
				CLANG_CXX_LIBRARY = "libc++";
				CLANG_ENABLE_MODULES = YES;
				CLANG_ENABLE_OBJC_ARC = YES;
				CLANG_ENABLE_OBJC_WEAK = YES;
				CLANG_WARN_BLOCK_CAPTURE_AUTORELEASING = YES;
				CLANG_WARN_BOOL_CONVERSION = YES;
				CLANG_WARN_COMMA = YES;
				CLANG_WARN_CONSTANT_CONVERSION = YES;
				CLANG_WARN_DEPRECATED_OBJC_IMPLEMENTATIONS = YES;
				CLANG_WARN_DIRECT_OBJC_ISA_USAGE = YES_ERROR;
				CLANG_WARN_DOCUMENTATION_COMMENTS = YES;
				CLANG_WARN_EMPTY_BODY = YES;
				CLANG_WARN_ENUM_CONVERSION = YES;
				CLANG_WARN_INFINITE_RECURSION = YES;
				CLANG_WARN_INT_CONVERSION = YES;
				CLANG_WARN_NON_LITERAL_NULL_CONVERSION = YES;
				CLANG_WARN_OBJC_IMPLICIT_RETAIN_SELF = YES;
				CLANG_WARN_OBJC_LITERAL_CONVERSION = YES;
				CLANG_WARN_OBJC_ROOT_CLASS = YES_ERROR;
				CLANG_WARN_RANGE_LOOP_ANALYSIS = YES;
				CLANG_WARN_STRICT_PROTOTYPES = YES;
				CLANG_WARN_SUSPICIOUS_MOVE = YES;
				CLANG_WARN_UNGUARDED_AVAILABILITY = YES_AGGRESSIVE;
				CLANG_WARN_UNREACHABLE_CODE = YES;
				CLANG_WARN__DUPLICATE_METHOD_MATCH = YES;
				COPY_PHASE_STRIP = NO;
				DEBUG_INFORMATION_FORMAT = "dwarf-with-dsym";
				ENABLE_NS_ASSERTIONS = NO;
				ENABLE_STRICT_OBJC_MSGSEND = YES;
				GCC_C_LANGUAGE_STANDARD = gnu11;
				GCC_NO_COMMON_BLOCKS = YES;
				GCC_WARN_64_TO_32_BIT_CONVERSION = YES;
				GCC_WARN_ABOUT_RETURN_TYPE = YES_ERROR;
				GCC_WARN_UNDECLARED_SELECTOR = YES;
				GCC_WARN_UNINITIALIZED_AUTOS = YES_AGGRESSIVE;
				GCC_WARN_UNUSED_FUNCTION = YES;
				GCC_WARN_UNUSED_VARIABLE = YES;
				IPHONEOS_DEPLOYMENT_TARGET = 13.0;
				MTL_ENABLE_DEBUG_INFO = NO;
				MTL_FAST_MATH = YES;
				SDKROOT = iphoneos;
				SWIFT_COMPILATION_MODE = wholemodule;
				SWIFT_OPTIMIZATION_LEVEL = "-O";
				VALIDATE_PRODUCT = YES;
			};
			name = Release;
		};
		89B3E3CB23AEC03F00E04CC2 /* Debug */ = {
			isa = XCBuildConfiguration;
			buildSettings = {
				ASSETCATALOG_COMPILER_APPICON_NAME = AppIcon;
				CODE_SIGN_STYLE = Automatic;
				INFOPLIST_FILE = ShooterGameChallenge/Info.plist;
				LD_RUNPATH_SEARCH_PATHS = (
					"$(inherited)",
					"@executable_path/Frameworks",
				);
				PRODUCT_BUNDLE_IDENTIFIER = "rafascalzo-com.guithub.ShooterGameChallenge";
				PRODUCT_NAME = "$(TARGET_NAME)";
				SWIFT_VERSION = 5.0;
				TARGETED_DEVICE_FAMILY = 2;
			};
			name = Debug;
		};
		89B3E3CC23AEC03F00E04CC2 /* Release */ = {
			isa = XCBuildConfiguration;
			buildSettings = {
				ASSETCATALOG_COMPILER_APPICON_NAME = AppIcon;
				CODE_SIGN_STYLE = Automatic;
				INFOPLIST_FILE = ShooterGameChallenge/Info.plist;
				LD_RUNPATH_SEARCH_PATHS = (
					"$(inherited)",
					"@executable_path/Frameworks",
				);
				PRODUCT_BUNDLE_IDENTIFIER = "rafascalzo-com.guithub.ShooterGameChallenge";
				PRODUCT_NAME = "$(TARGET_NAME)";
				SWIFT_VERSION = 5.0;
				TARGETED_DEVICE_FAMILY = 2;
			};
			name = Release;
		};
/* End XCBuildConfiguration section */

/* Begin XCConfigurationList section */
		89B3E3AD23AEC03E00E04CC2 /* Build configuration list for PBXProject "ShooterGameChallenge" */ = {
			isa = XCConfigurationList;
			buildConfigurations = (
				89B3E3C823AEC03F00E04CC2 /* Debug */,
				89B3E3C923AEC03F00E04CC2 /* Release */,
			);
			defaultConfigurationIsVisible = 0;
			defaultConfigurationName = Release;
		};
		89B3E3CA23AEC03F00E04CC2 /* Build configuration list for PBXNativeTarget "ShooterGameChallenge" */ = {
			isa = XCConfigurationList;
			buildConfigurations = (
				89B3E3CB23AEC03F00E04CC2 /* Debug */,
				89B3E3CC23AEC03F00E04CC2 /* Release */,
			);
			defaultConfigurationIsVisible = 0;
			defaultConfigurationName = Release;
		};
/* End XCConfigurationList section */
	};
	rootObject = 89B3E3AA23AEC03E00E04CC2 /* Project object */;
}
