// !$*UTF8*$!
{
	archiveVersion = 1;
	classes = {
	};
	objectVersion = 50;
	objects = {

/* Begin PBXBuildFile section */
		896B1B56239D6D41007180B3 /* acabou.caf in Resources */ = {isa = PBXBuildFile; fileRef = 896B1B55239D6D41007180B3 /* acabou.caf */; };
		896B1B58239D6F50007180B3 /* Smoke.sks in Resources */ = {isa = PBXBuildFile; fileRef = 896B1B57239D6F50007180B3 /* Smoke.sks */; };
		896B1B5B239D71E4007180B3 /* upsound.caf in Resources */ = {isa = PBXBuildFile; fileRef = 896B1B59239D71E4007180B3 /* upsound.caf */; };
		896B1B5C239D71E4007180B3 /* downsound.caf in Resources */ = {isa = PBXBuildFile; fileRef = 896B1B5A239D71E4007180B3 /* downsound.caf */; };
		896B1B5E239D72D1007180B3 /* vacilao.caf in Resources */ = {isa = PBXBuildFile; fileRef = 896B1B5D239D72D1007180B3 /* vacilao.caf */; };
		896B1B60239D72D9007180B3 /* aimeucoco.caf in Resources */ = {isa = PBXBuildFile; fileRef = 896B1B5F239D72D9007180B3 /* aimeucoco.caf */; };
		89E1D9D8239CBB0300425C6E /* AppDelegate.swift in Sources */ = {isa = PBXBuildFile; fileRef = 89E1D9D7239CBB0300425C6E /* AppDelegate.swift */; };
		89E1D9DA239CBB0300425C6E /* GameScene.sks in Resources */ = {isa = PBXBuildFile; fileRef = 89E1D9D9239CBB0300425C6E /* GameScene.sks */; };
		89E1D9DE239CBB0300425C6E /* GameScene.swift in Sources */ = {isa = PBXBuildFile; fileRef = 89E1D9DD239CBB0300425C6E /* GameScene.swift */; };
		89E1D9E0239CBB0300425C6E /* GameViewController.swift in Sources */ = {isa = PBXBuildFile; fileRef = 89E1D9DF239CBB0300425C6E /* GameViewController.swift */; };
		89E1D9E3239CBB0300425C6E /* Main.storyboard in Resources */ = {isa = PBXBuildFile; fileRef = 89E1D9E1239CBB0300425C6E /* Main.storyboard */; };
		89E1D9E5239CBB0B00425C6E /* Assets.xcassets in Resources */ = {isa = PBXBuildFile; fileRef = 89E1D9E4239CBB0B00425C6E /* Assets.xcassets */; };
		89E1D9E8239CBB0B00425C6E /* LaunchScreen.storyboard in Resources */ = {isa = PBXBuildFile; fileRef = 89E1D9E6239CBB0B00425C6E /* LaunchScreen.storyboard */; };
		89E1D9F1239CBDAC00425C6E /* whackBad.caf in Resources */ = {isa = PBXBuildFile; fileRef = 89E1D9EF239CBDAC00425C6E /* whackBad.caf */; };
		89E1D9F2239CBDAC00425C6E /* whack.caf in Resources */ = {isa = PBXBuildFile; fileRef = 89E1D9F0239CBDAC00425C6E /* whack.caf */; };
		89E1D9F4239CC18200425C6E /* WhackSlot.swift in Sources */ = {isa = PBXBuildFile; fileRef = 89E1D9F3239CC18200425C6E /* WhackSlot.swift */; };
/* End PBXBuildFile section */

/* Begin PBXFileReference section */
		896B1B55239D6D41007180B3 /* acabou.caf */ = {isa = PBXFileReference; lastKnownFileType = file; path = acabou.caf; sourceTree = "<group>"; };
		896B1B57239D6F50007180B3 /* Smoke.sks */ = {isa = PBXFileReference; lastKnownFileType = file.sks; path = Smoke.sks; sourceTree = "<group>"; };
		896B1B59239D71E4007180B3 /* upsound.caf */ = {isa = PBXFileReference; lastKnownFileType = file; path = upsound.caf; sourceTree = "<group>"; };
		896B1B5A239D71E4007180B3 /* downsound.caf */ = {isa = PBXFileReference; lastKnownFileType = file; path = downsound.caf; sourceTree = "<group>"; };
		896B1B5D239D72D1007180B3 /* vacilao.caf */ = {isa = PBXFileReference; lastKnownFileType = file; path = vacilao.caf; sourceTree = "<group>"; };
		896B1B5F239D72D9007180B3 /* aimeucoco.caf */ = {isa = PBXFileReference; lastKnownFileType = file; path = aimeucoco.caf; sourceTree = "<group>"; };
		89E1D9D4239CBB0300425C6E /* Project _14_SKCropNode_SKTexture_SKAction.app */ = {isa = PBXFileReference; explicitFileType = wrapper.application; includeInIndex = 0; path = "Project _14_SKCropNode_SKTexture_SKAction.app"; sourceTree = BUILT_PRODUCTS_DIR; };
		89E1D9D7239CBB0300425C6E /* AppDelegate.swift */ = {isa = PBXFileReference; lastKnownFileType = sourcecode.swift; path = AppDelegate.swift; sourceTree = "<group>"; };
		89E1D9D9239CBB0300425C6E /* GameScene.sks */ = {isa = PBXFileReference; lastKnownFileType = file.sks; path = GameScene.sks; sourceTree = "<group>"; };
		89E1D9DD239CBB0300425C6E /* GameScene.swift */ = {isa = PBXFileReference; lastKnownFileType = sourcecode.swift; path = GameScene.swift; sourceTree = "<group>"; };
		89E1D9DF239CBB0300425C6E /* GameViewController.swift */ = {isa = PBXFileReference; lastKnownFileType = sourcecode.swift; path = GameViewController.swift; sourceTree = "<group>"; };
		89E1D9E2239CBB0300425C6E /* Base */ = {isa = PBXFileReference; lastKnownFileType = file.storyboard; name = Base; path = Base.lproj/Main.storyboard; sourceTree = "<group>"; };
		89E1D9E4239CBB0B00425C6E /* Assets.xcassets */ = {isa = PBXFileReference; lastKnownFileType = folder.assetcatalog; path = Assets.xcassets; sourceTree = "<group>"; };
		89E1D9E7239CBB0B00425C6E /* Base */ = {isa = PBXFileReference; lastKnownFileType = file.storyboard; name = Base; path = Base.lproj/LaunchScreen.storyboard; sourceTree = "<group>"; };
		89E1D9E9239CBB0B00425C6E /* Info.plist */ = {isa = PBXFileReference; lastKnownFileType = text.plist.xml; path = Info.plist; sourceTree = "<group>"; };
		89E1D9EF239CBDAC00425C6E /* whackBad.caf */ = {isa = PBXFileReference; lastKnownFileType = file; path = whackBad.caf; sourceTree = "<group>"; };
		89E1D9F0239CBDAC00425C6E /* whack.caf */ = {isa = PBXFileReference; lastKnownFileType = file; path = whack.caf; sourceTree = "<group>"; };
		89E1D9F3239CC18200425C6E /* WhackSlot.swift */ = {isa = PBXFileReference; lastKnownFileType = sourcecode.swift; path = WhackSlot.swift; sourceTree = "<group>"; };
/* End PBXFileReference section */

/* Begin PBXFrameworksBuildPhase section */
		89E1D9D1239CBB0300425C6E /* Frameworks */ = {
			isa = PBXFrameworksBuildPhase;
			buildActionMask = 2147483647;
			files = (
			);
			runOnlyForDeploymentPostprocessing = 0;
		};
/* End PBXFrameworksBuildPhase section */

/* Begin PBXGroup section */
		89E1D9CB239CBB0300425C6E = {
			isa = PBXGroup;
			children = (
				89E1D9D6239CBB0300425C6E /* Project _14_SKCropNode_SKTexture_SKAction */,
				89E1D9D5239CBB0300425C6E /* Products */,
			);
			sourceTree = "<group>";
		};
		89E1D9D5239CBB0300425C6E /* Products */ = {
			isa = PBXGroup;
			children = (
				89E1D9D4239CBB0300425C6E /* Project _14_SKCropNode_SKTexture_SKAction.app */,
			);
			name = Products;
			sourceTree = "<group>";
		};
		89E1D9D6239CBB0300425C6E /* Project _14_SKCropNode_SKTexture_SKAction */ = {
			isa = PBXGroup;
			children = (
				89E1D9D7239CBB0300425C6E /* AppDelegate.swift */,
				89E1D9D9239CBB0300425C6E /* GameScene.sks */,
				89E1D9DD239CBB0300425C6E /* GameScene.swift */,
				89E1D9DF239CBB0300425C6E /* GameViewController.swift */,
				89E1D9E1239CBB0300425C6E /* Main.storyboard */,
				89E1D9E4239CBB0B00425C6E /* Assets.xcassets */,
				89E1D9E6239CBB0B00425C6E /* LaunchScreen.storyboard */,
				89E1D9E9239CBB0B00425C6E /* Info.plist */,
				89E1D9F0239CBDAC00425C6E /* whack.caf */,
				89E1D9EF239CBDAC00425C6E /* whackBad.caf */,
				89E1D9F3239CC18200425C6E /* WhackSlot.swift */,
				896B1B55239D6D41007180B3 /* acabou.caf */,
				896B1B5D239D72D1007180B3 /* vacilao.caf */,
				896B1B5F239D72D9007180B3 /* aimeucoco.caf */,
				896B1B5A239D71E4007180B3 /* downsound.caf */,
				896B1B59239D71E4007180B3 /* upsound.caf */,
				896B1B57239D6F50007180B3 /* Smoke.sks */,
			);
			path = "Project _14_SKCropNode_SKTexture_SKAction";
			sourceTree = "<group>";
		};
/* End PBXGroup section */

/* Begin PBXNativeTarget section */
		89E1D9D3239CBB0300425C6E /* Project _14_SKCropNode_SKTexture_SKAction */ = {
			isa = PBXNativeTarget;
			buildConfigurationList = 89E1D9EC239CBB0B00425C6E /* Build configuration list for PBXNativeTarget "Project _14_SKCropNode_SKTexture_SKAction" */;
			buildPhases = (
				89E1D9D0239CBB0300425C6E /* Sources */,
				89E1D9D1239CBB0300425C6E /* Frameworks */,
				89E1D9D2239CBB0300425C6E /* Resources */,
			);
			buildRules = (
			);
			dependencies = (
			);
			name = "Project _14_SKCropNode_SKTexture_SKAction";
			productName = "Project _14_SKCropNode_SKTexture_SKAction";
			productReference = 89E1D9D4239CBB0300425C6E /* Project _14_SKCropNode_SKTexture_SKAction.app */;
			productType = "com.apple.product-type.application";
		};
/* End PBXNativeTarget section */

/* Begin PBXProject section */
		89E1D9CC239CBB0300425C6E /* Project object */ = {
			isa = PBXProject;
			attributes = {
				LastSwiftUpdateCheck = 1100;
				LastUpgradeCheck = 1100;
				ORGANIZATIONNAME = "Rafael Scalzo";
				TargetAttributes = {
					89E1D9D3239CBB0300425C6E = {
						CreatedOnToolsVersion = 11.0;
					};
				};
			};
			buildConfigurationList = 89E1D9CF239CBB0300425C6E /* Build configuration list for PBXProject "Project _14_SKCropNode_SKTexture_SKAction" */;
			compatibilityVersion = "Xcode 9.3";
			developmentRegion = en;
			hasScannedForEncodings = 0;
			knownRegions = (
				en,
				Base,
			);
			mainGroup = 89E1D9CB239CBB0300425C6E;
			productRefGroup = 89E1D9D5239CBB0300425C6E /* Products */;
			projectDirPath = "";
			projectRoot = "";
			targets = (
				89E1D9D3239CBB0300425C6E /* Project _14_SKCropNode_SKTexture_SKAction */,
			);
		};
/* End PBXProject section */

/* Begin PBXResourcesBuildPhase section */
		89E1D9D2239CBB0300425C6E /* Resources */ = {
			isa = PBXResourcesBuildPhase;
			buildActionMask = 2147483647;
			files = (
				89E1D9F1239CBDAC00425C6E /* whackBad.caf in Resources */,
				89E1D9E3239CBB0300425C6E /* Main.storyboard in Resources */,
				896B1B60239D72D9007180B3 /* aimeucoco.caf in Resources */,
				896B1B5E239D72D1007180B3 /* vacilao.caf in Resources */,
				896B1B56239D6D41007180B3 /* acabou.caf in Resources */,
				89E1D9DA239CBB0300425C6E /* GameScene.sks in Resources */,
				89E1D9E5239CBB0B00425C6E /* Assets.xcassets in Resources */,
				89E1D9E8239CBB0B00425C6E /* LaunchScreen.storyboard in Resources */,
				896B1B5C239D71E4007180B3 /* downsound.caf in Resources */,
				89E1D9F2239CBDAC00425C6E /* whack.caf in Resources */,
				896B1B5B239D71E4007180B3 /* upsound.caf in Resources */,
				896B1B58239D6F50007180B3 /* Smoke.sks in Resources */,
			);
			runOnlyForDeploymentPostprocessing = 0;
		};
/* End PBXResourcesBuildPhase section */

/* Begin PBXSourcesBuildPhase section */
		89E1D9D0239CBB0300425C6E /* Sources */ = {
			isa = PBXSourcesBuildPhase;
			buildActionMask = 2147483647;
			files = (
				89E1D9DE239CBB0300425C6E /* GameScene.swift in Sources */,
				89E1D9E0239CBB0300425C6E /* GameViewController.swift in Sources */,
				89E1D9F4239CC18200425C6E /* WhackSlot.swift in Sources */,
				89E1D9D8239CBB0300425C6E /* AppDelegate.swift in Sources */,
			);
			runOnlyForDeploymentPostprocessing = 0;
		};
/* End PBXSourcesBuildPhase section */

/* Begin PBXVariantGroup section */
		89E1D9E1239CBB0300425C6E /* Main.storyboard */ = {
			isa = PBXVariantGroup;
			children = (
				89E1D9E2239CBB0300425C6E /* Base */,
			);
			name = Main.storyboard;
			sourceTree = "<group>";
		};
		89E1D9E6239CBB0B00425C6E /* LaunchScreen.storyboard */ = {
			isa = PBXVariantGroup;
			children = (
				89E1D9E7239CBB0B00425C6E /* Base */,
			);
			name = LaunchScreen.storyboard;
			sourceTree = "<group>";
		};
/* End PBXVariantGroup section */

/* Begin XCBuildConfiguration section */
		89E1D9EA239CBB0B00425C6E /* Debug */ = {
			isa = XCBuildConfiguration;
			buildSettings = {
				ALWAYS_SEARCH_USER_PATHS = NO;
				CLANG_ANALYZER_NONNULL = YES;
				CLANG_ANALYZER_NUMBER_OBJECT_CONVERSION = YES_AGGRESSIVE;
				CLANG_CXX_LANGUAGE_STANDARD = "gnu++14";
				CLANG_CXX_LIBRARY = "libc++";
				CLANG_ENABLE_MODULES = YES;
				CLANG_ENABLE_OBJC_ARC = YES;
				CLANG_ENABLE_OBJC_WEAK = YES;
				CLANG_WARN_BLOCK_CAPTURE_AUTORELEASING = YES;
				CLANG_WARN_BOOL_CONVERSION = YES;
				CLANG_WARN_COMMA = YES;
				CLANG_WARN_CONSTANT_CONVERSION = YES;
				CLANG_WARN_DEPRECATED_OBJC_IMPLEMENTATIONS = YES;
				CLANG_WARN_DIRECT_OBJC_ISA_USAGE = YES_ERROR;
				CLANG_WARN_DOCUMENTATION_COMMENTS = YES;
				CLANG_WARN_EMPTY_BODY = YES;
				CLANG_WARN_ENUM_CONVERSION = YES;
				CLANG_WARN_INFINITE_RECURSION = YES;
				CLANG_WARN_INT_CONVERSION = YES;
				CLANG_WARN_NON_LITERAL_NULL_CONVERSION = YES;
				CLANG_WARN_OBJC_IMPLICIT_RETAIN_SELF = YES;
				CLANG_WARN_OBJC_LITERAL_CONVERSION = YES;
				CLANG_WARN_OBJC_ROOT_CLASS = YES_ERROR;
				CLANG_WARN_RANGE_LOOP_ANALYSIS = YES;
				CLANG_WARN_STRICT_PROTOTYPES = YES;
				CLANG_WARN_SUSPICIOUS_MOVE = YES;
				CLANG_WARN_UNGUARDED_AVAILABILITY = YES_AGGRESSIVE;
				CLANG_WARN_UNREACHABLE_CODE = YES;
				CLANG_WARN__DUPLICATE_METHOD_MATCH = YES;
				COPY_PHASE_STRIP = NO;
				DEBUG_INFORMATION_FORMAT = dwarf;
				ENABLE_STRICT_OBJC_MSGSEND = YES;
				ENABLE_TESTABILITY = YES;
				GCC_C_LANGUAGE_STANDARD = gnu11;
				GCC_DYNAMIC_NO_PIC = NO;
				GCC_NO_COMMON_BLOCKS = YES;
				GCC_OPTIMIZATION_LEVEL = 0;
				GCC_PREPROCESSOR_DEFINITIONS = (
					"DEBUG=1",
					"$(inherited)",
				);
				GCC_WARN_64_TO_32_BIT_CONVERSION = YES;
				GCC_WARN_ABOUT_RETURN_TYPE = YES_ERROR;
				GCC_WARN_UNDECLARED_SELECTOR = YES;
				GCC_WARN_UNINITIALIZED_AUTOS = YES_AGGRESSIVE;
				GCC_WARN_UNUSED_FUNCTION = YES;
				GCC_WARN_UNUSED_VARIABLE = YES;
				IPHONEOS_DEPLOYMENT_TARGET = 13.0;
				MTL_ENABLE_DEBUG_INFO = INCLUDE_SOURCE;
				MTL_FAST_MATH = YES;
				ONLY_ACTIVE_ARCH = YES;
				SDKROOT = iphoneos;
				SWIFT_ACTIVE_COMPILATION_CONDITIONS = DEBUG;
				SWIFT_OPTIMIZATION_LEVEL = "-Onone";
			};
			name = Debug;
		};
		89E1D9EB239CBB0B00425C6E /* Release */ = {
			isa = XCBuildConfiguration;
			buildSettings = {
				ALWAYS_SEARCH_USER_PATHS = NO;
				CLANG_ANALYZER_NONNULL = YES;
				CLANG_ANALYZER_NUMBER_OBJECT_CONVERSION = YES_AGGRESSIVE;
				CLANG_CXX_LANGUAGE_STANDARD = "gnu++14";
				CLANG_CXX_LIBRARY = "libc++";
				CLANG_ENABLE_MODULES = YES;
				CLANG_ENABLE_OBJC_ARC = YES;
				CLANG_ENABLE_OBJC_WEAK = YES;
				CLANG_WARN_BLOCK_CAPTURE_AUTORELEASING = YES;
				CLANG_WARN_BOOL_CONVERSION = YES;
				CLANG_WARN_COMMA = YES;
				CLANG_WARN_CONSTANT_CONVERSION = YES;
				CLANG_WARN_DEPRECATED_OBJC_IMPLEMENTATIONS = YES;
				CLANG_WARN_DIRECT_OBJC_ISA_USAGE = YES_ERROR;
				CLANG_WARN_DOCUMENTATION_COMMENTS = YES;
				CLANG_WARN_EMPTY_BODY = YES;
				CLANG_WARN_ENUM_CONVERSION = YES;
				CLANG_WARN_INFINITE_RECURSION = YES;
				CLANG_WARN_INT_CONVERSION = YES;
				CLANG_WARN_NON_LITERAL_NULL_CONVERSION = YES;
				CLANG_WARN_OBJC_IMPLICIT_RETAIN_SELF = YES;
				CLANG_WARN_OBJC_LITERAL_CONVERSION = YES;
				CLANG_WARN_OBJC_ROOT_CLASS = YES_ERROR;
				CLANG_WARN_RANGE_LOOP_ANALYSIS = YES;
				CLANG_WARN_STRICT_PROTOTYPES = YES;
				CLANG_WARN_SUSPICIOUS_MOVE = YES;
				CLANG_WARN_UNGUARDED_AVAILABILITY = YES_AGGRESSIVE;
				CLANG_WARN_UNREACHABLE_CODE = YES;
				CLANG_WARN__DUPLICATE_METHOD_MATCH = YES;
				COPY_PHASE_STRIP = NO;
				DEBUG_INFORMATION_FORMAT = "dwarf-with-dsym";
				ENABLE_NS_ASSERTIONS = NO;
				ENABLE_STRICT_OBJC_MSGSEND = YES;
				GCC_C_LANGUAGE_STANDARD = gnu11;
				GCC_NO_COMMON_BLOCKS = YES;
				GCC_WARN_64_TO_32_BIT_CONVERSION = YES;
				GCC_WARN_ABOUT_RETURN_TYPE = YES_ERROR;
				GCC_WARN_UNDECLARED_SELECTOR = YES;
				GCC_WARN_UNINITIALIZED_AUTOS = YES_AGGRESSIVE;
				GCC_WARN_UNUSED_FUNCTION = YES;
				GCC_WARN_UNUSED_VARIABLE = YES;
				IPHONEOS_DEPLOYMENT_TARGET = 13.0;
				MTL_ENABLE_DEBUG_INFO = NO;
				MTL_FAST_MATH = YES;
				SDKROOT = iphoneos;
				SWIFT_COMPILATION_MODE = wholemodule;
				SWIFT_OPTIMIZATION_LEVEL = "-O";
				VALIDATE_PRODUCT = YES;
			};
			name = Release;
		};
		89E1D9ED239CBB0B00425C6E /* Debug */ = {
			isa = XCBuildConfiguration;
			buildSettings = {
				ASSETCATALOG_COMPILER_APPICON_NAME = AppIcon;
				CODE_SIGN_STYLE = Automatic;
				INFOPLIST_FILE = "Project _14_SKCropNode_SKTexture_SKAction/Info.plist";
				LD_RUNPATH_SEARCH_PATHS = (
					"$(inherited)",
					"@executable_path/Frameworks",
				);
				PRODUCT_BUNDLE_IDENTIFIER = "rafascalzo-com.guithub.Project--14-SKCropNode-SKTexture-SKAction";
				PRODUCT_NAME = "$(TARGET_NAME)";
				SWIFT_VERSION = 5.0;
				TARGETED_DEVICE_FAMILY = 2;
			};
			name = Debug;
		};
		89E1D9EE239CBB0B00425C6E /* Release */ = {
			isa = XCBuildConfiguration;
			buildSettings = {
				ASSETCATALOG_COMPILER_APPICON_NAME = AppIcon;
				CODE_SIGN_STYLE = Automatic;
				INFOPLIST_FILE = "Project _14_SKCropNode_SKTexture_SKAction/Info.plist";
				LD_RUNPATH_SEARCH_PATHS = (
					"$(inherited)",
					"@executable_path/Frameworks",
				);
				PRODUCT_BUNDLE_IDENTIFIER = "rafascalzo-com.guithub.Project--14-SKCropNode-SKTexture-SKAction";
				PRODUCT_NAME = "$(TARGET_NAME)";
				SWIFT_VERSION = 5.0;
				TARGETED_DEVICE_FAMILY = 2;
			};
			name = Release;
		};
/* End XCBuildConfiguration section */

/* Begin XCConfigurationList section */
		89E1D9CF239CBB0300425C6E /* Build configuration list for PBXProject "Project _14_SKCropNode_SKTexture_SKAction" */ = {
			isa = XCConfigurationList;
			buildConfigurations = (
				89E1D9EA239CBB0B00425C6E /* Debug */,
				89E1D9EB239CBB0B00425C6E /* Release */,
			);
			defaultConfigurationIsVisible = 0;
			defaultConfigurationName = Release;
		};
		89E1D9EC239CBB0B00425C6E /* Build configuration list for PBXNativeTarget "Project _14_SKCropNode_SKTexture_SKAction" */ = {
			isa = XCConfigurationList;
			buildConfigurations = (
				89E1D9ED239CBB0B00425C6E /* Debug */,
				89E1D9EE239CBB0B00425C6E /* Release */,
			);
			defaultConfigurationIsVisible = 0;
			defaultConfigurationName = Release;
		};
/* End XCConfigurationList section */
	};
	rootObject = 89E1D9CC239CBB0300425C6E /* Project object */;
}
