// !$*UTF8*$!
{
	archiveVersion = 1;
	classes = {
	};
	objectVersion = 50;
	objects = {

/* Begin PBXBuildFile section */
		8925FA9A23CA94A70083396C /* CircularView.swift in Sources */ = {isa = PBXBuildFile; fileRef = 8925FA9923CA94A70083396C /* CircularView.swift */; };
		8967ABA023CA2A0C00F8E2D0 /* AppDelegate.swift in Sources */ = {isa = PBXBuildFile; fileRef = 8967AB9F23CA2A0C00F8E2D0 /* AppDelegate.swift */; };
		8967ABA223CA2A0C00F8E2D0 /* SceneDelegate.swift in Sources */ = {isa = PBXBuildFile; fileRef = 8967ABA123CA2A0C00F8E2D0 /* SceneDelegate.swift */; };
		8967ABA423CA2A0C00F8E2D0 /* ViewController.swift in Sources */ = {isa = PBXBuildFile; fileRef = 8967ABA323CA2A0C00F8E2D0 /* ViewController.swift */; };
		8967ABA723CA2A0C00F8E2D0 /* Main.storyboard in Resources */ = {isa = PBXBuildFile; fileRef = 8967ABA523CA2A0C00F8E2D0 /* Main.storyboard */; };
		8967ABA923CA2A1200F8E2D0 /* Assets.xcassets in Resources */ = {isa = PBXBuildFile; fileRef = 8967ABA823CA2A1200F8E2D0 /* Assets.xcassets */; };
		8967ABAC23CA2A1200F8E2D0 /* LaunchScreen.storyboard in Resources */ = {isa = PBXBuildFile; fileRef = 8967ABAA23CA2A1200F8E2D0 /* LaunchScreen.storyboard */; };
		8967ABB523CA340600F8E2D0 /* ViewController.xib in Resources */ = {isa = PBXBuildFile; fileRef = 8967ABB423CA340600F8E2D0 /* ViewController.xib */; };
/* End PBXBuildFile section */

/* Begin PBXFileReference section */
		8925FA9923CA94A70083396C /* CircularView.swift */ = {isa = PBXFileReference; lastKnownFileType = sourcecode.swift; path = CircularView.swift; sourceTree = "<group>"; };
		8967AB9C23CA2A0C00F8E2D0 /* Project_22_IBeacon_technology.app */ = {isa = PBXFileReference; explicitFileType = wrapper.application; includeInIndex = 0; path = Project_22_IBeacon_technology.app; sourceTree = BUILT_PRODUCTS_DIR; };
		8967AB9F23CA2A0C00F8E2D0 /* AppDelegate.swift */ = {isa = PBXFileReference; lastKnownFileType = sourcecode.swift; path = AppDelegate.swift; sourceTree = "<group>"; };
		8967ABA123CA2A0C00F8E2D0 /* SceneDelegate.swift */ = {isa = PBXFileReference; lastKnownFileType = sourcecode.swift; path = SceneDelegate.swift; sourceTree = "<group>"; };
		8967ABA323CA2A0C00F8E2D0 /* ViewController.swift */ = {isa = PBXFileReference; lastKnownFileType = sourcecode.swift; path = ViewController.swift; sourceTree = "<group>"; };
		8967ABA623CA2A0C00F8E2D0 /* Base */ = {isa = PBXFileReference; lastKnownFileType = file.storyboard; name = Base; path = Base.lproj/Main.storyboard; sourceTree = "<group>"; };
		8967ABA823CA2A1200F8E2D0 /* Assets.xcassets */ = {isa = PBXFileReference; lastKnownFileType = folder.assetcatalog; path = Assets.xcassets; sourceTree = "<group>"; };
		8967ABAB23CA2A1200F8E2D0 /* Base */ = {isa = PBXFileReference; lastKnownFileType = file.storyboard; name = Base; path = Base.lproj/LaunchScreen.storyboard; sourceTree = "<group>"; };
		8967ABAD23CA2A1200F8E2D0 /* Info.plist */ = {isa = PBXFileReference; lastKnownFileType = text.plist.xml; path = Info.plist; sourceTree = "<group>"; };
		8967ABB423CA340600F8E2D0 /* ViewController.xib */ = {isa = PBXFileReference; lastKnownFileType = file.xib; path = ViewController.xib; sourceTree = "<group>"; };
/* End PBXFileReference section */

/* Begin PBXFrameworksBuildPhase section */
		8967AB9923CA2A0C00F8E2D0 /* Frameworks */ = {
			isa = PBXFrameworksBuildPhase;
			buildActionMask = 2147483647;
			files = (
			);
			runOnlyForDeploymentPostprocessing = 0;
		};
/* End PBXFrameworksBuildPhase section */

/* Begin PBXGroup section */
		8967AB9323CA2A0C00F8E2D0 = {
			isa = PBXGroup;
			children = (
				8967AB9E23CA2A0C00F8E2D0 /* Project_22_IBeacon_technology */,
				8967AB9D23CA2A0C00F8E2D0 /* Products */,
			);
			sourceTree = "<group>";
		};
		8967AB9D23CA2A0C00F8E2D0 /* Products */ = {
			isa = PBXGroup;
			children = (
				8967AB9C23CA2A0C00F8E2D0 /* Project_22_IBeacon_technology.app */,
			);
			name = Products;
			sourceTree = "<group>";
		};
		8967AB9E23CA2A0C00F8E2D0 /* Project_22_IBeacon_technology */ = {
			isa = PBXGroup;
			children = (
				8967ABB323CA33F000F8E2D0 /* Main */,
				8967AB9F23CA2A0C00F8E2D0 /* AppDelegate.swift */,
				8967ABA123CA2A0C00F8E2D0 /* SceneDelegate.swift */,
				8967ABA523CA2A0C00F8E2D0 /* Main.storyboard */,
				8967ABA823CA2A1200F8E2D0 /* Assets.xcassets */,
				8967ABAA23CA2A1200F8E2D0 /* LaunchScreen.storyboard */,
				8967ABAD23CA2A1200F8E2D0 /* Info.plist */,
			);
			path = Project_22_IBeacon_technology;
			sourceTree = "<group>";
		};
		8967ABB323CA33F000F8E2D0 /* Main */ = {
			isa = PBXGroup;
			children = (
				8967ABA323CA2A0C00F8E2D0 /* ViewController.swift */,
				8967ABB423CA340600F8E2D0 /* ViewController.xib */,
				8925FA9923CA94A70083396C /* CircularView.swift */,
			);
			path = Main;
			sourceTree = "<group>";
		};
/* End PBXGroup section */

/* Begin PBXNativeTarget section */
		8967AB9B23CA2A0C00F8E2D0 /* Project_22_IBeacon_technology */ = {
			isa = PBXNativeTarget;
			buildConfigurationList = 8967ABB023CA2A1200F8E2D0 /* Build configuration list for PBXNativeTarget "Project_22_IBeacon_technology" */;
			buildPhases = (
				8967AB9823CA2A0C00F8E2D0 /* Sources */,
				8967AB9923CA2A0C00F8E2D0 /* Frameworks */,
				8967AB9A23CA2A0C00F8E2D0 /* Resources */,
			);
			buildRules = (
			);
			dependencies = (
			);
			name = Project_22_IBeacon_technology;
			productName = Project_22_IBeacon_technology;
			productReference = 8967AB9C23CA2A0C00F8E2D0 /* Project_22_IBeacon_technology.app */;
			productType = "com.apple.product-type.application";
		};
/* End PBXNativeTarget section */

/* Begin PBXProject section */
		8967AB9423CA2A0C00F8E2D0 /* Project object */ = {
			isa = PBXProject;
			attributes = {
				LastSwiftUpdateCheck = 1100;
				LastUpgradeCheck = 1100;
				ORGANIZATIONNAME = "Rafael Scalzo";
				TargetAttributes = {
					8967AB9B23CA2A0C00F8E2D0 = {
						CreatedOnToolsVersion = 11.0;
					};
				};
			};
			buildConfigurationList = 8967AB9723CA2A0C00F8E2D0 /* Build configuration list for PBXProject "Project_22_IBeacon_technology" */;
			compatibilityVersion = "Xcode 9.3";
			developmentRegion = en;
			hasScannedForEncodings = 0;
			knownRegions = (
				en,
				Base,
			);
			mainGroup = 8967AB9323CA2A0C00F8E2D0;
			productRefGroup = 8967AB9D23CA2A0C00F8E2D0 /* Products */;
			projectDirPath = "";
			projectRoot = "";
			targets = (
				8967AB9B23CA2A0C00F8E2D0 /* Project_22_IBeacon_technology */,
			);
		};
/* End PBXProject section */

/* Begin PBXResourcesBuildPhase section */
		8967AB9A23CA2A0C00F8E2D0 /* Resources */ = {
			isa = PBXResourcesBuildPhase;
			buildActionMask = 2147483647;
			files = (
				8967ABAC23CA2A1200F8E2D0 /* LaunchScreen.storyboard in Resources */,
				8967ABA923CA2A1200F8E2D0 /* Assets.xcassets in Resources */,
				8967ABB523CA340600F8E2D0 /* ViewController.xib in Resources */,
				8967ABA723CA2A0C00F8E2D0 /* Main.storyboard in Resources */,
			);
			runOnlyForDeploymentPostprocessing = 0;
		};
/* End PBXResourcesBuildPhase section */

/* Begin PBXSourcesBuildPhase section */
		8967AB9823CA2A0C00F8E2D0 /* Sources */ = {
			isa = PBXSourcesBuildPhase;
			buildActionMask = 2147483647;
			files = (
				8967ABA423CA2A0C00F8E2D0 /* ViewController.swift in Sources */,
				8925FA9A23CA94A70083396C /* CircularView.swift in Sources */,
				8967ABA023CA2A0C00F8E2D0 /* AppDelegate.swift in Sources */,
				8967ABA223CA2A0C00F8E2D0 /* SceneDelegate.swift in Sources */,
			);
			runOnlyForDeploymentPostprocessing = 0;
		};
/* End PBXSourcesBuildPhase section */

/* Begin PBXVariantGroup section */
		8967ABA523CA2A0C00F8E2D0 /* Main.storyboard */ = {
			isa = PBXVariantGroup;
			children = (
				8967ABA623CA2A0C00F8E2D0 /* Base */,
			);
			name = Main.storyboard;
			sourceTree = "<group>";
		};
		8967ABAA23CA2A1200F8E2D0 /* LaunchScreen.storyboard */ = {
			isa = PBXVariantGroup;
			children = (
				8967ABAB23CA2A1200F8E2D0 /* Base */,
			);
			name = LaunchScreen.storyboard;
			sourceTree = "<group>";
		};
/* End PBXVariantGroup section */

/* Begin XCBuildConfiguration section */
		8967ABAE23CA2A1200F8E2D0 /* Debug */ = {
			isa = XCBuildConfiguration;
			buildSettings = {
				ALWAYS_SEARCH_USER_PATHS = NO;
				CLANG_ANALYZER_NONNULL = YES;
				CLANG_ANALYZER_NUMBER_OBJECT_CONVERSION = YES_AGGRESSIVE;
				CLANG_CXX_LANGUAGE_STANDARD = "gnu++14";
				CLANG_CXX_LIBRARY = "libc++";
				CLANG_ENABLE_MODULES = YES;
				CLANG_ENABLE_OBJC_ARC = YES;
				CLANG_ENABLE_OBJC_WEAK = YES;
				CLANG_WARN_BLOCK_CAPTURE_AUTORELEASING = YES;
				CLANG_WARN_BOOL_CONVERSION = YES;
				CLANG_WARN_COMMA = YES;
				CLANG_WARN_CONSTANT_CONVERSION = YES;
				CLANG_WARN_DEPRECATED_OBJC_IMPLEMENTATIONS = YES;
				CLANG_WARN_DIRECT_OBJC_ISA_USAGE = YES_ERROR;
				CLANG_WARN_DOCUMENTATION_COMMENTS = YES;
				CLANG_WARN_EMPTY_BODY = YES;
				CLANG_WARN_ENUM_CONVERSION = YES;
				CLANG_WARN_INFINITE_RECURSION = YES;
				CLANG_WARN_INT_CONVERSION = YES;
				CLANG_WARN_NON_LITERAL_NULL_CONVERSION = YES;
				CLANG_WARN_OBJC_IMPLICIT_RETAIN_SELF = YES;
				CLANG_WARN_OBJC_LITERAL_CONVERSION = YES;
				CLANG_WARN_OBJC_ROOT_CLASS = YES_ERROR;
				CLANG_WARN_RANGE_LOOP_ANALYSIS = YES;
				CLANG_WARN_STRICT_PROTOTYPES = YES;
				CLANG_WARN_SUSPICIOUS_MOVE = YES;
				CLANG_WARN_UNGUARDED_AVAILABILITY = YES_AGGRESSIVE;
				CLANG_WARN_UNREACHABLE_CODE = YES;
				CLANG_WARN__DUPLICATE_METHOD_MATCH = YES;
				COPY_PHASE_STRIP = NO;
				DEBUG_INFORMATION_FORMAT = dwarf;
				ENABLE_STRICT_OBJC_MSGSEND = YES;
				ENABLE_TESTABILITY = YES;
				GCC_C_LANGUAGE_STANDARD = gnu11;
				GCC_DYNAMIC_NO_PIC = NO;
				GCC_NO_COMMON_BLOCKS = YES;
				GCC_OPTIMIZATION_LEVEL = 0;
				GCC_PREPROCESSOR_DEFINITIONS = (
					"DEBUG=1",
					"$(inherited)",
				);
				GCC_WARN_64_TO_32_BIT_CONVERSION = YES;
				GCC_WARN_ABOUT_RETURN_TYPE = YES_ERROR;
				GCC_WARN_UNDECLARED_SELECTOR = YES;
				GCC_WARN_UNINITIALIZED_AUTOS = YES_AGGRESSIVE;
				GCC_WARN_UNUSED_FUNCTION = YES;
				GCC_WARN_UNUSED_VARIABLE = YES;
				IPHONEOS_DEPLOYMENT_TARGET = 10.3;
				MTL_ENABLE_DEBUG_INFO = INCLUDE_SOURCE;
				MTL_FAST_MATH = YES;
				ONLY_ACTIVE_ARCH = YES;
				SDKROOT = iphoneos;
				SWIFT_ACTIVE_COMPILATION_CONDITIONS = DEBUG;
				SWIFT_OPTIMIZATION_LEVEL = "-Onone";
			};
			name = Debug;
		};
		8967ABAF23CA2A1200F8E2D0 /* Release */ = {
			isa = XCBuildConfiguration;
			buildSettings = {
				ALWAYS_SEARCH_USER_PATHS = NO;
				CLANG_ANALYZER_NONNULL = YES;
				CLANG_ANALYZER_NUMBER_OBJECT_CONVERSION = YES_AGGRESSIVE;
				CLANG_CXX_LANGUAGE_STANDARD = "gnu++14";
				CLANG_CXX_LIBRARY = "libc++";
				CLANG_ENABLE_MODULES = YES;
				CLANG_ENABLE_OBJC_ARC = YES;
				CLANG_ENABLE_OBJC_WEAK = YES;
				CLANG_WARN_BLOCK_CAPTURE_AUTORELEASING = YES;
				CLANG_WARN_BOOL_CONVERSION = YES;
				CLANG_WARN_COMMA = YES;
				CLANG_WARN_CONSTANT_CONVERSION = YES;
				CLANG_WARN_DEPRECATED_OBJC_IMPLEMENTATIONS = YES;
				CLANG_WARN_DIRECT_OBJC_ISA_USAGE = YES_ERROR;
				CLANG_WARN_DOCUMENTATION_COMMENTS = YES;
				CLANG_WARN_EMPTY_BODY = YES;
				CLANG_WARN_ENUM_CONVERSION = YES;
				CLANG_WARN_INFINITE_RECURSION = YES;
				CLANG_WARN_INT_CONVERSION = YES;
				CLANG_WARN_NON_LITERAL_NULL_CONVERSION = YES;
				CLANG_WARN_OBJC_IMPLICIT_RETAIN_SELF = YES;
				CLANG_WARN_OBJC_LITERAL_CONVERSION = YES;
				CLANG_WARN_OBJC_ROOT_CLASS = YES_ERROR;
				CLANG_WARN_RANGE_LOOP_ANALYSIS = YES;
				CLANG_WARN_STRICT_PROTOTYPES = YES;
				CLANG_WARN_SUSPICIOUS_MOVE = YES;
				CLANG_WARN_UNGUARDED_AVAILABILITY = YES_AGGRESSIVE;
				CLANG_WARN_UNREACHABLE_CODE = YES;
				CLANG_WARN__DUPLICATE_METHOD_MATCH = YES;
				COPY_PHASE_STRIP = NO;
				DEBUG_INFORMATION_FORMAT = "dwarf-with-dsym";
				ENABLE_NS_ASSERTIONS = NO;
				ENABLE_STRICT_OBJC_MSGSEND = YES;
				GCC_C_LANGUAGE_STANDARD = gnu11;
				GCC_NO_COMMON_BLOCKS = YES;
				GCC_WARN_64_TO_32_BIT_CONVERSION = YES;
				GCC_WARN_ABOUT_RETURN_TYPE = YES_ERROR;
				GCC_WARN_UNDECLARED_SELECTOR = YES;
				GCC_WARN_UNINITIALIZED_AUTOS = YES_AGGRESSIVE;
				GCC_WARN_UNUSED_FUNCTION = YES;
				GCC_WARN_UNUSED_VARIABLE = YES;
				IPHONEOS_DEPLOYMENT_TARGET = 10.3;
				MTL_ENABLE_DEBUG_INFO = NO;
				MTL_FAST_MATH = YES;
				SDKROOT = iphoneos;
				SWIFT_COMPILATION_MODE = wholemodule;
				SWIFT_OPTIMIZATION_LEVEL = "-O";
				VALIDATE_PRODUCT = YES;
			};
			name = Release;
		};
		8967ABB123CA2A1200F8E2D0 /* Debug */ = {
			isa = XCBuildConfiguration;
			buildSettings = {
				ASSETCATALOG_COMPILER_APPICON_NAME = AppIcon;
				CODE_SIGN_STYLE = Automatic;
				DEVELOPMENT_TEAM = BULGWQVW95;
				INFOPLIST_FILE = Project_22_IBeacon_technology/Info.plist;
				LD_RUNPATH_SEARCH_PATHS = (
					"$(inherited)",
					"@executable_path/Frameworks",
				);
				PRODUCT_BUNDLE_IDENTIFIER = "rafascalzo-com.guithub.Project-22-IBeacon-technology";
				PRODUCT_NAME = "$(TARGET_NAME)";
				SWIFT_VERSION = 5.0;
				TARGETED_DEVICE_FAMILY = "1,2";
			};
			name = Debug;
		};
		8967ABB223CA2A1200F8E2D0 /* Release */ = {
			isa = XCBuildConfiguration;
			buildSettings = {
				ASSETCATALOG_COMPILER_APPICON_NAME = AppIcon;
				CODE_SIGN_STYLE = Automatic;
				DEVELOPMENT_TEAM = BULGWQVW95;
				INFOPLIST_FILE = Project_22_IBeacon_technology/Info.plist;
				LD_RUNPATH_SEARCH_PATHS = (
					"$(inherited)",
					"@executable_path/Frameworks",
				);
				PRODUCT_BUNDLE_IDENTIFIER = "rafascalzo-com.guithub.Project-22-IBeacon-technology";
				PRODUCT_NAME = "$(TARGET_NAME)";
				SWIFT_VERSION = 5.0;
				TARGETED_DEVICE_FAMILY = "1,2";
			};
			name = Release;
		};
/* End XCBuildConfiguration section */

/* Begin XCConfigurationList section */
		8967AB9723CA2A0C00F8E2D0 /* Build configuration list for PBXProject "Project_22_IBeacon_technology" */ = {
			isa = XCConfigurationList;
			buildConfigurations = (
				8967ABAE23CA2A1200F8E2D0 /* Debug */,
				8967ABAF23CA2A1200F8E2D0 /* Release */,
			);
			defaultConfigurationIsVisible = 0;
			defaultConfigurationName = Release;
		};
		8967ABB023CA2A1200F8E2D0 /* Build configuration list for PBXNativeTarget "Project_22_IBeacon_technology" */ = {
			isa = XCConfigurationList;
			buildConfigurations = (
				8967ABB123CA2A1200F8E2D0 /* Debug */,
				8967ABB223CA2A1200F8E2D0 /* Release */,
			);
			defaultConfigurationIsVisible = 0;
			defaultConfigurationName = Release;
		};
/* End XCConfigurationList section */
	};
	rootObject = 8967AB9423CA2A0C00F8E2D0 /* Project object */;
}
