// !$*UTF8*$!
{
	archiveVersion = 1;
	classes = {
	};
	objectVersion = 50;
	objects = {

/* Begin PBXBuildFile section */
		AFF606DB235958E60095ED18 /* AppDelegate.swift in Sources */ = {isa = PBXBuildFile; fileRef = AFF606DA235958E60095ED18 /* AppDelegate.swift */; };
		AFF606DD235958E60095ED18 /* SceneDelegate.swift in Sources */ = {isa = PBXBuildFile; fileRef = AFF606DC235958E60095ED18 /* SceneDelegate.swift */; };
		AFF606E4235958E70095ED18 /* Assets.xcassets in Resources */ = {isa = PBXBuildFile; fileRef = AFF606E3235958E70095ED18 /* Assets.xcassets */; };
		AFF606E7235958E70095ED18 /* LaunchScreen.storyboard in Resources */ = {isa = PBXBuildFile; fileRef = AFF606E5235958E70095ED18 /* LaunchScreen.storyboard */; };
		AFF606F023595FC00095ED18 /* TabBarViewController.swift in Sources */ = {isa = PBXBuildFile; fileRef = AFF606EE23595FC00095ED18 /* TabBarViewController.swift */; };
		AFF606F123595FC00095ED18 /* TabBarViewController.xib in Resources */ = {isa = PBXBuildFile; fileRef = AFF606EF23595FC00095ED18 /* TabBarViewController.xib */; };
		AFF606F6235961540095ED18 /* TableViewController.swift in Sources */ = {isa = PBXBuildFile; fileRef = AFF606F4235961540095ED18 /* TableViewController.swift */; };
		AFF606F7235961540095ED18 /* TableViewController.xib in Resources */ = {isa = PBXBuildFile; fileRef = AFF606F5235961540095ED18 /* TableViewController.xib */; };
		AFF606FA235963E50095ED18 /* TableViewCell.swift in Sources */ = {isa = PBXBuildFile; fileRef = AFF606F8235963E50095ED18 /* TableViewCell.swift */; };
		AFF606FB235963E50095ED18 /* TableViewCell.xib in Resources */ = {isa = PBXBuildFile; fileRef = AFF606F9235963E50095ED18 /* TableViewCell.xib */; };
		AFF606FF235973510095ED18 /* Petition.swift in Sources */ = {isa = PBXBuildFile; fileRef = AFF606FE235973510095ED18 /* Petition.swift */; };
		AFFB18B4235C255A00148F42 /* DetailViewController.swift in Sources */ = {isa = PBXBuildFile; fileRef = AFFB18B2235C255A00148F42 /* DetailViewController.swift */; };
		AFFB18B5235C255A00148F42 /* DetailViewController.xib in Resources */ = {isa = PBXBuildFile; fileRef = AFFB18B3235C255A00148F42 /* DetailViewController.xib */; };
/* End PBXBuildFile section */

/* Begin PBXFileReference section */
		AFF606D7235958E60095ED18 /* Project7.app */ = {isa = PBXFileReference; explicitFileType = wrapper.application; includeInIndex = 0; path = Project7.app; sourceTree = BUILT_PRODUCTS_DIR; };
		AFF606DA235958E60095ED18 /* AppDelegate.swift */ = {isa = PBXFileReference; lastKnownFileType = sourcecode.swift; path = AppDelegate.swift; sourceTree = "<group>"; };
		AFF606DC235958E60095ED18 /* SceneDelegate.swift */ = {isa = PBXFileReference; lastKnownFileType = sourcecode.swift; path = SceneDelegate.swift; sourceTree = "<group>"; };
		AFF606E3235958E70095ED18 /* Assets.xcassets */ = {isa = PBXFileReference; lastKnownFileType = folder.assetcatalog; path = Assets.xcassets; sourceTree = "<group>"; };
		AFF606E6235958E70095ED18 /* Base */ = {isa = PBXFileReference; lastKnownFileType = file.storyboard; name = Base; path = Base.lproj/LaunchScreen.storyboard; sourceTree = "<group>"; };
		AFF606E8235958E70095ED18 /* Info.plist */ = {isa = PBXFileReference; lastKnownFileType = text.plist.xml; path = Info.plist; sourceTree = "<group>"; };
		AFF606EE23595FC00095ED18 /* TabBarViewController.swift */ = {isa = PBXFileReference; lastKnownFileType = sourcecode.swift; path = TabBarViewController.swift; sourceTree = "<group>"; };
		AFF606EF23595FC00095ED18 /* TabBarViewController.xib */ = {isa = PBXFileReference; lastKnownFileType = file.xib; path = TabBarViewController.xib; sourceTree = "<group>"; };
		AFF606F4235961540095ED18 /* TableViewController.swift */ = {isa = PBXFileReference; lastKnownFileType = sourcecode.swift; path = TableViewController.swift; sourceTree = "<group>"; };
		AFF606F5235961540095ED18 /* TableViewController.xib */ = {isa = PBXFileReference; lastKnownFileType = file.xib; path = TableViewController.xib; sourceTree = "<group>"; };
		AFF606F8235963E50095ED18 /* TableViewCell.swift */ = {isa = PBXFileReference; lastKnownFileType = sourcecode.swift; path = TableViewCell.swift; sourceTree = "<group>"; };
		AFF606F9235963E50095ED18 /* TableViewCell.xib */ = {isa = PBXFileReference; lastKnownFileType = file.xib; path = TableViewCell.xib; sourceTree = "<group>"; };
		AFF606FE235973510095ED18 /* Petition.swift */ = {isa = PBXFileReference; lastKnownFileType = sourcecode.swift; path = Petition.swift; sourceTree = "<group>"; };
		AFFB18B2235C255A00148F42 /* DetailViewController.swift */ = {isa = PBXFileReference; lastKnownFileType = sourcecode.swift; path = DetailViewController.swift; sourceTree = "<group>"; };
		AFFB18B3235C255A00148F42 /* DetailViewController.xib */ = {isa = PBXFileReference; lastKnownFileType = file.xib; path = DetailViewController.xib; sourceTree = "<group>"; };
/* End PBXFileReference section */

/* Begin PBXFrameworksBuildPhase section */
		AFF606D4235958E60095ED18 /* Frameworks */ = {
			isa = PBXFrameworksBuildPhase;
			buildActionMask = 2147483647;
			files = (
			);
			runOnlyForDeploymentPostprocessing = 0;
		};
/* End PBXFrameworksBuildPhase section */

/* Begin PBXGroup section */
		AFF606CE235958E60095ED18 = {
			isa = PBXGroup;
			children = (
				AFF606D9235958E60095ED18 /* Project7 */,
				AFF606D8235958E60095ED18 /* Products */,
			);
			sourceTree = "<group>";
		};
		AFF606D8235958E60095ED18 /* Products */ = {
			isa = PBXGroup;
			children = (
				AFF606D7235958E60095ED18 /* Project7.app */,
			);
			name = Products;
			sourceTree = "<group>";
		};
		AFF606D9235958E60095ED18 /* Project7 */ = {
			isa = PBXGroup;
			children = (
				AFFB10EB235CDB6E001E2C48 /* PupularTableViewController */,
				AFFB18B1235C253400148F42 /* DetailViewController */,
				AFF606F32359611E0095ED18 /* TableViewController */,
				AFF606F22359610F0095ED18 /* TabBarController */,
				AFF606DA235958E60095ED18 /* AppDelegate.swift */,
				AFF606DC235958E60095ED18 /* SceneDelegate.swift */,
				AFF606E3235958E70095ED18 /* Assets.xcassets */,
				AFF606E5235958E70095ED18 /* LaunchScreen.storyboard */,
				AFF606E8235958E70095ED18 /* Info.plist */,
			);
			path = Project7;
			sourceTree = "<group>";
		};
		AFF606F22359610F0095ED18 /* TabBarController */ = {
			isa = PBXGroup;
			children = (
				AFF606EE23595FC00095ED18 /* TabBarViewController.swift */,
				AFF606EF23595FC00095ED18 /* TabBarViewController.xib */,
			);
			path = TabBarController;
			sourceTree = "<group>";
		};
		AFF606F32359611E0095ED18 /* TableViewController */ = {
			isa = PBXGroup;
			children = (
				AFF606FD235973410095ED18 /* Entity */,
				AFF606FC235973370095ED18 /* View */,
			);
			path = TableViewController;
			sourceTree = "<group>";
		};
		AFF606FC235973370095ED18 /* View */ = {
			isa = PBXGroup;
			children = (
				AFF606F4235961540095ED18 /* TableViewController.swift */,
				AFF606F5235961540095ED18 /* TableViewController.xib */,
				AFF606F8235963E50095ED18 /* TableViewCell.swift */,
				AFF606F9235963E50095ED18 /* TableViewCell.xib */,
			);
			path = View;
			sourceTree = "<group>";
		};
		AFF606FD235973410095ED18 /* Entity */ = {
			isa = PBXGroup;
			children = (
				AFF606FE235973510095ED18 /* Petition.swift */,
			);
			path = Entity;
			sourceTree = "<group>";
		};
		AFFB10EB235CDB6E001E2C48 /* PupularTableViewController */ = {
			isa = PBXGroup;
			children = (
			);
			path = PupularTableViewController;
			sourceTree = "<group>";
		};
		AFFB18B1235C253400148F42 /* DetailViewController */ = {
			isa = PBXGroup;
			children = (
				AFFB18B2235C255A00148F42 /* DetailViewController.swift */,
				AFFB18B3235C255A00148F42 /* DetailViewController.xib */,
			);
			path = DetailViewController;
			sourceTree = "<group>";
		};
/* End PBXGroup section */

/* Begin PBXNativeTarget section */
		AFF606D6235958E60095ED18 /* Project7 */ = {
			isa = PBXNativeTarget;
			buildConfigurationList = AFF606EB235958E70095ED18 /* Build configuration list for PBXNativeTarget "Project7" */;
			buildPhases = (
				AFF606D3235958E60095ED18 /* Sources */,
				AFF606D4235958E60095ED18 /* Frameworks */,
				AFF606D5235958E60095ED18 /* Resources */,
			);
			buildRules = (
			);
			dependencies = (
			);
			name = Project7;
			productName = Project7;
			productReference = AFF606D7235958E60095ED18 /* Project7.app */;
			productType = "com.apple.product-type.application";
		};
/* End PBXNativeTarget section */

/* Begin PBXProject section */
		AFF606CF235958E60095ED18 /* Project object */ = {
			isa = PBXProject;
			attributes = {
				LastSwiftUpdateCheck = 1110;
				LastUpgradeCheck = 1110;
				ORGANIZATIONNAME = rafaeldelegate;
				TargetAttributes = {
					AFF606D6235958E60095ED18 = {
						CreatedOnToolsVersion = 11.1;
					};
				};
			};
			buildConfigurationList = AFF606D2235958E60095ED18 /* Build configuration list for PBXProject "Project7" */;
			compatibilityVersion = "Xcode 9.3";
			developmentRegion = en;
			hasScannedForEncodings = 0;
			knownRegions = (
				en,
				Base,
			);
			mainGroup = AFF606CE235958E60095ED18;
			productRefGroup = AFF606D8235958E60095ED18 /* Products */;
			projectDirPath = "";
			projectRoot = "";
			targets = (
				AFF606D6235958E60095ED18 /* Project7 */,
			);
		};
/* End PBXProject section */

/* Begin PBXResourcesBuildPhase section */
		AFF606D5235958E60095ED18 /* Resources */ = {
			isa = PBXResourcesBuildPhase;
			buildActionMask = 2147483647;
			files = (
				AFF606E7235958E70095ED18 /* LaunchScreen.storyboard in Resources */,
				AFFB18B5235C255A00148F42 /* DetailViewController.xib in Resources */,
				AFF606FB235963E50095ED18 /* TableViewCell.xib in Resources */,
				AFF606E4235958E70095ED18 /* Assets.xcassets in Resources */,
				AFF606F123595FC00095ED18 /* TabBarViewController.xib in Resources */,
				AFF606F7235961540095ED18 /* TableViewController.xib in Resources */,
			);
			runOnlyForDeploymentPostprocessing = 0;
		};
/* End PBXResourcesBuildPhase section */

/* Begin PBXSourcesBuildPhase section */
		AFF606D3235958E60095ED18 /* Sources */ = {
			isa = PBXSourcesBuildPhase;
			buildActionMask = 2147483647;
			files = (
				AFF606FA235963E50095ED18 /* TableViewCell.swift in Sources */,
				AFF606F023595FC00095ED18 /* TabBarViewController.swift in Sources */,
				AFF606DB235958E60095ED18 /* AppDelegate.swift in Sources */,
				AFF606DD235958E60095ED18 /* SceneDelegate.swift in Sources */,
				AFF606F6235961540095ED18 /* TableViewController.swift in Sources */,
				AFF606FF235973510095ED18 /* Petition.swift in Sources */,
				AFFB18B4235C255A00148F42 /* DetailViewController.swift in Sources */,
			);
			runOnlyForDeploymentPostprocessing = 0;
		};
/* End PBXSourcesBuildPhase section */

/* Begin PBXVariantGroup section */
		AFF606E5235958E70095ED18 /* LaunchScreen.storyboard */ = {
			isa = PBXVariantGroup;
			children = (
				AFF606E6235958E70095ED18 /* Base */,
			);
			name = LaunchScreen.storyboard;
			sourceTree = "<group>";
		};
/* End PBXVariantGroup section */

/* Begin XCBuildConfiguration section */
		AFF606E9235958E70095ED18 /* Debug */ = {
			isa = XCBuildConfiguration;
			buildSettings = {
				ALWAYS_SEARCH_USER_PATHS = NO;
				CLANG_ANALYZER_NONNULL = YES;
				CLANG_ANALYZER_NUMBER_OBJECT_CONVERSION = YES_AGGRESSIVE;
				CLANG_CXX_LANGUAGE_STANDARD = "gnu++14";
				CLANG_CXX_LIBRARY = "libc++";
				CLANG_ENABLE_MODULES = YES;
				CLANG_ENABLE_OBJC_ARC = YES;
				CLANG_ENABLE_OBJC_WEAK = YES;
				CLANG_WARN_BLOCK_CAPTURE_AUTORELEASING = YES;
				CLANG_WARN_BOOL_CONVERSION = YES;
				CLANG_WARN_COMMA = YES;
				CLANG_WARN_CONSTANT_CONVERSION = YES;
				CLANG_WARN_DEPRECATED_OBJC_IMPLEMENTATIONS = YES;
				CLANG_WARN_DIRECT_OBJC_ISA_USAGE = YES_ERROR;
				CLANG_WARN_DOCUMENTATION_COMMENTS = YES;
				CLANG_WARN_EMPTY_BODY = YES;
				CLANG_WARN_ENUM_CONVERSION = YES;
				CLANG_WARN_INFINITE_RECURSION = YES;
				CLANG_WARN_INT_CONVERSION = YES;
				CLANG_WARN_NON_LITERAL_NULL_CONVERSION = YES;
				CLANG_WARN_OBJC_IMPLICIT_RETAIN_SELF = YES;
				CLANG_WARN_OBJC_LITERAL_CONVERSION = YES;
				CLANG_WARN_OBJC_ROOT_CLASS = YES_ERROR;
				CLANG_WARN_RANGE_LOOP_ANALYSIS = YES;
				CLANG_WARN_STRICT_PROTOTYPES = YES;
				CLANG_WARN_SUSPICIOUS_MOVE = YES;
				CLANG_WARN_UNGUARDED_AVAILABILITY = YES_AGGRESSIVE;
				CLANG_WARN_UNREACHABLE_CODE = YES;
				CLANG_WARN__DUPLICATE_METHOD_MATCH = YES;
				COPY_PHASE_STRIP = NO;
				DEBUG_INFORMATION_FORMAT = dwarf;
				ENABLE_STRICT_OBJC_MSGSEND = YES;
				ENABLE_TESTABILITY = YES;
				GCC_C_LANGUAGE_STANDARD = gnu11;
				GCC_DYNAMIC_NO_PIC = NO;
				GCC_NO_COMMON_BLOCKS = YES;
				GCC_OPTIMIZATION_LEVEL = 0;
				GCC_PREPROCESSOR_DEFINITIONS = (
					"DEBUG=1",
					"$(inherited)",
				);
				GCC_WARN_64_TO_32_BIT_CONVERSION = YES;
				GCC_WARN_ABOUT_RETURN_TYPE = YES_ERROR;
				GCC_WARN_UNDECLARED_SELECTOR = YES;
				GCC_WARN_UNINITIALIZED_AUTOS = YES_AGGRESSIVE;
				GCC_WARN_UNUSED_FUNCTION = YES;
				GCC_WARN_UNUSED_VARIABLE = YES;
				IPHONEOS_DEPLOYMENT_TARGET = 13.1;
				MTL_ENABLE_DEBUG_INFO = INCLUDE_SOURCE;
				MTL_FAST_MATH = YES;
				ONLY_ACTIVE_ARCH = YES;
				SDKROOT = iphoneos;
				SWIFT_ACTIVE_COMPILATION_CONDITIONS = DEBUG;
				SWIFT_OPTIMIZATION_LEVEL = "-Onone";
			};
			name = Debug;
		};
		AFF606EA235958E70095ED18 /* Release */ = {
			isa = XCBuildConfiguration;
			buildSettings = {
				ALWAYS_SEARCH_USER_PATHS = NO;
				CLANG_ANALYZER_NONNULL = YES;
				CLANG_ANALYZER_NUMBER_OBJECT_CONVERSION = YES_AGGRESSIVE;
				CLANG_CXX_LANGUAGE_STANDARD = "gnu++14";
				CLANG_CXX_LIBRARY = "libc++";
				CLANG_ENABLE_MODULES = YES;
				CLANG_ENABLE_OBJC_ARC = YES;
				CLANG_ENABLE_OBJC_WEAK = YES;
				CLANG_WARN_BLOCK_CAPTURE_AUTORELEASING = YES;
				CLANG_WARN_BOOL_CONVERSION = YES;
				CLANG_WARN_COMMA = YES;
				CLANG_WARN_CONSTANT_CONVERSION = YES;
				CLANG_WARN_DEPRECATED_OBJC_IMPLEMENTATIONS = YES;
				CLANG_WARN_DIRECT_OBJC_ISA_USAGE = YES_ERROR;
				CLANG_WARN_DOCUMENTATION_COMMENTS = YES;
				CLANG_WARN_EMPTY_BODY = YES;
				CLANG_WARN_ENUM_CONVERSION = YES;
				CLANG_WARN_INFINITE_RECURSION = YES;
				CLANG_WARN_INT_CONVERSION = YES;
				CLANG_WARN_NON_LITERAL_NULL_CONVERSION = YES;
				CLANG_WARN_OBJC_IMPLICIT_RETAIN_SELF = YES;
				CLANG_WARN_OBJC_LITERAL_CONVERSION = YES;
				CLANG_WARN_OBJC_ROOT_CLASS = YES_ERROR;
				CLANG_WARN_RANGE_LOOP_ANALYSIS = YES;
				CLANG_WARN_STRICT_PROTOTYPES = YES;
				CLANG_WARN_SUSPICIOUS_MOVE = YES;
				CLANG_WARN_UNGUARDED_AVAILABILITY = YES_AGGRESSIVE;
				CLANG_WARN_UNREACHABLE_CODE = YES;
				CLANG_WARN__DUPLICATE_METHOD_MATCH = YES;
				COPY_PHASE_STRIP = NO;
				DEBUG_INFORMATION_FORMAT = "dwarf-with-dsym";
				ENABLE_NS_ASSERTIONS = NO;
				ENABLE_STRICT_OBJC_MSGSEND = YES;
				GCC_C_LANGUAGE_STANDARD = gnu11;
				GCC_NO_COMMON_BLOCKS = YES;
				GCC_WARN_64_TO_32_BIT_CONVERSION = YES;
				GCC_WARN_ABOUT_RETURN_TYPE = YES_ERROR;
				GCC_WARN_UNDECLARED_SELECTOR = YES;
				GCC_WARN_UNINITIALIZED_AUTOS = YES_AGGRESSIVE;
				GCC_WARN_UNUSED_FUNCTION = YES;
				GCC_WARN_UNUSED_VARIABLE = YES;
				IPHONEOS_DEPLOYMENT_TARGET = 13.1;
				MTL_ENABLE_DEBUG_INFO = NO;
				MTL_FAST_MATH = YES;
				SDKROOT = iphoneos;
				SWIFT_COMPILATION_MODE = wholemodule;
				SWIFT_OPTIMIZATION_LEVEL = "-O";
				VALIDATE_PRODUCT = YES;
			};
			name = Release;
		};
		AFF606EC235958E70095ED18 /* Debug */ = {
			isa = XCBuildConfiguration;
			buildSettings = {
				ASSETCATALOG_COMPILER_APPICON_NAME = AppIcon;
				CODE_SIGN_STYLE = Automatic;
				INFOPLIST_FILE = Project7/Info.plist;
				LD_RUNPATH_SEARCH_PATHS = (
					"$(inherited)",
					"@executable_path/Frameworks",
				);
				PRODUCT_BUNDLE_IDENTIFIER = "rafascalzo-com.guithub.Project7";
				PRODUCT_NAME = "$(TARGET_NAME)";
				SWIFT_VERSION = 5.0;
				TARGETED_DEVICE_FAMILY = "1,2";
			};
			name = Debug;
		};
		AFF606ED235958E70095ED18 /* Release */ = {
			isa = XCBuildConfiguration;
			buildSettings = {
				ASSETCATALOG_COMPILER_APPICON_NAME = AppIcon;
				CODE_SIGN_STYLE = Automatic;
				INFOPLIST_FILE = Project7/Info.plist;
				LD_RUNPATH_SEARCH_PATHS = (
					"$(inherited)",
					"@executable_path/Frameworks",
				);
				PRODUCT_BUNDLE_IDENTIFIER = "rafascalzo-com.guithub.Project7";
				PRODUCT_NAME = "$(TARGET_NAME)";
				SWIFT_VERSION = 5.0;
				TARGETED_DEVICE_FAMILY = "1,2";
			};
			name = Release;
		};
/* End XCBuildConfiguration section */

/* Begin XCConfigurationList section */
		AFF606D2235958E60095ED18 /* Build configuration list for PBXProject "Project7" */ = {
			isa = XCConfigurationList;
			buildConfigurations = (
				AFF606E9235958E70095ED18 /* Debug */,
				AFF606EA235958E70095ED18 /* Release */,
			);
			defaultConfigurationIsVisible = 0;
			defaultConfigurationName = Release;
		};
		AFF606EB235958E70095ED18 /* Build configuration list for PBXNativeTarget "Project7" */ = {
			isa = XCConfigurationList;
			buildConfigurations = (
				AFF606EC235958E70095ED18 /* Debug */,
				AFF606ED235958E70095ED18 /* Release */,
			);
			defaultConfigurationIsVisible = 0;
			defaultConfigurationName = Release;
		};
/* End XCConfigurationList section */
	};
	rootObject = AFF606CF235958E60095ED18 /* Project object */;
}
